<?xml version="1.0" encoding="utf-8"?>
<Project ToolsVersion="4.0" xmlns="http://schemas.microsoft.com/developer/msbuild/2003">
  <ItemGroup>
    <Filter Include="Headerdateien">
      <UniqueIdentifier>{93995380-89BD-4b04-88EB-625FBE52EBFB}</UniqueIdentifier>
      <Extensions>h;hpp;hxx;hm;inl;inc;xsd</Extensions>
    </Filter>
    <Filter Include="Ressourcendateien">
      <UniqueIdentifier>{67DA6AB6-F800-4c08-8B7A-83BB121AAD01}</UniqueIdentifier>
      <Extensions>rc;ico;cur;bmp;dlg;rc2;rct;bin;rgs;gif;jpg;jpeg;jpe;resx;tiff;tif;png;wav</Extensions>
    </Filter>
    <Filter Include="Quelldateien">
      <UniqueIdentifier>{4FC737F1-C7A5-4376-A066-2A32D752A2FF}</UniqueIdentifier>
      <Extensions>cpp;c;cc;cxx;def;odl;idl;hpj;bat;asm;asmx</Extensions>
    </Filter>
    <Filter Include="watchdir">
      <UniqueIdentifier>{0678a4ff-fca2-4048-86b9-8528e6621f14}</UniqueIdentifier>
    </Filter>
    <Filter Include="sha2">
      <UniqueIdentifier>{d7a7cd78-b293-49b5-bb87-4e3461a306af}</UniqueIdentifier>
    </Filter>
    <Filter Include="glob">
      <UniqueIdentifier>{8d6f30f4-00a8-4748-aea5-692bd3875606}</UniqueIdentifier>
    </Filter>
  </ItemGroup>
  <ItemGroup>
    <ClCompile Include="watchdir\CriticalSection.cpp">
      <Filter>watchdir</Filter>
    </ClCompile>
    <ClCompile Include="watchdir\DelayedDirectoryChangeHandler.cpp">
      <Filter>watchdir</Filter>
    </ClCompile>
    <ClCompile Include="watchdir\DirectoryChanges.cpp">
      <Filter>watchdir</Filter>
    </ClCompile>
    <ClCompile Include="..\urbackupcommon\sha2\sha2.c">
      <Filter>sha2</Filter>
    </ClCompile>
    <ClCompile Include="ChangeJournalWatcher.cpp">
      <Filter>watchdir</Filter>
    </ClCompile>
    <ClCompile Include="DirectoryWatcherThread.cpp">
      <Filter>watchdir</Filter>
    </ClCompile>
    <ClCompile Include="client.cpp">
      <Filter>Quelldateien</Filter>
    </ClCompile>
    <ClCompile Include="client_restore.cpp">
      <Filter>Quelldateien</Filter>
    </ClCompile>
    <ClCompile Include="clientdao.cpp">
      <Filter>Quelldateien</Filter>
    </ClCompile>
    <ClCompile Include="ClientService.cpp">
      <Filter>Quelldateien</Filter>
    </ClCompile>
    <ClCompile Include="dllmain.cpp">
      <Filter>Quelldateien</Filter>
    </ClCompile>
    <ClCompile Include="ServerIdentityMgr.cpp">
      <Filter>Quelldateien</Filter>
    </ClCompile>
    <ClCompile Include="win_sysvol.cpp">
      <Filter>Quelldateien</Filter>
    </ClCompile>
    <ClCompile Include="ClientSend.cpp">
      <Filter>Quelldateien</Filter>
    </ClCompile>
    <ClCompile Include="..\urbackupcommon\os_functions_win.cpp">
      <Filter>Quelldateien</Filter>
    </ClCompile>
    <ClCompile Include="..\stringtools.cpp">
      <Filter>Quelldateien</Filter>
    </ClCompile>
    <ClCompile Include="..\urbackupcommon\fileclient\data.cpp">
      <Filter>Quelldateien</Filter>
    </ClCompile>
    <ClCompile Include="..\urbackupcommon\fileclient\tcpstack.cpp">
      <Filter>Quelldateien</Filter>
    </ClCompile>
    <ClCompile Include="..\urbackupcommon\bufmgr.cpp">
      <Filter>Quelldateien</Filter>
    </ClCompile>
    <ClCompile Include="glob\glob.cpp">
      <Filter>glob</Filter>
    </ClCompile>
    <ClCompile Include="..\urbackupcommon\escape.cpp">
      <Filter>Quelldateien</Filter>
    </ClCompile>
    <ClCompile Include="..\urbackupcommon\settingslist.cpp">
      <Filter>Quelldateien</Filter>
    </ClCompile>
    <ClCompile Include="ClientServiceCMD.cpp">
      <Filter>Quelldateien</Filter>
    </ClCompile>
    <ClCompile Include="ImageThread.cpp">
      <Filter>Quelldateien</Filter>
    </ClCompile>
  </ItemGroup>
  <ItemGroup>
    <ClInclude Include="watchdir\CriticalSection.h">
      <Filter>watchdir</Filter>
    </ClInclude>
    <ClInclude Include="watchdir\DelayedDirectoryChangeHandler.h">
      <Filter>watchdir</Filter>
    </ClInclude>
    <ClInclude Include="watchdir\DirectoryChanges.h">
      <Filter>watchdir</Filter>
    </ClInclude>
    <ClInclude Include="watchdir\Event.h">
      <Filter>watchdir</Filter>
    </ClInclude>
    <ClInclude Include="..\urbackupcommon\sha2\sha2.h">
      <Filter>sha2</Filter>
    </ClInclude>
    <ClInclude Include="DirectoryWatcherThread.h">
      <Filter>watchdir</Filter>
    </ClInclude>
    <ClInclude Include="ChangeJournalWatcher.h">
      <Filter>watchdir</Filter>
    </ClInclude>
    <ClInclude Include="client.h">
      <Filter>Headerdateien</Filter>
    </ClInclude>
    <ClInclude Include="clientdao.h">
      <Filter>Headerdateien</Filter>
    </ClInclude>
    <ClInclude Include="ClientService.h">
      <Filter>Headerdateien</Filter>
    </ClInclude>
    <ClInclude Include="database.h">
      <Filter>Headerdateien</Filter>
    </ClInclude>
    <ClInclude Include="ServerIdentityMgr.h">
      <Filter>Headerdateien</Filter>
    </ClInclude>
    <ClInclude Include="win_sysvol.h">
      <Filter>Headerdateien</Filter>
    </ClInclude>
    <ClInclude Include="ClientSend.h">
      <Filter>Headerdateien</Filter>
    </ClInclude>
    <ClInclude Include="..\urbackupcommon\bufmgr.h">
      <Filter>Headerdateien</Filter>
    </ClInclude>
    <ClInclude Include="..\urbackupcommon\fileclient\data.h">
      <Filter>Headerdateien</Filter>
    </ClInclude>
    <ClInclude Include="..\urbackupcommon\escape.h">
      <Filter>Headerdateien</Filter>
    </ClInclude>
    <ClInclude Include="..\urbackupcommon\os_functions.h">
      <Filter>Headerdateien</Filter>
    </ClInclude>
    <ClInclude Include="..\stringtools.h">
      <Filter>Headerdateien</Filter>
    </ClInclude>
    <ClInclude Include="..\urbackupcommon\fileclient\tcpstack.h">
      <Filter>Headerdateien</Filter>
    </ClInclude>
    <ClInclude Include="ImageThread.h">
      <Filter>Headerdateien</Filter>
    </ClInclude>
  </ItemGroup>
</Project>