<?xml version="1.0" encoding="utf-8"?>
<Project ToolsVersion="4.0" xmlns="http://schemas.microsoft.com/developer/msbuild/2003">
  <ItemGroup>
    <Filter Include="Ressourcendateien">
      <UniqueIdentifier>{67DA6AB6-F800-4c08-8B7A-83BB121AAD01}</UniqueIdentifier>
      <Extensions>rc;ico;cur;bmp;dlg;rc2;rct;bin;rgs;gif;jpg;jpeg;jpe;resx;tiff;tif;png;wav</Extensions>
    </Filter>
    <Filter Include="Quelldateien">
      <UniqueIdentifier>{4FC737F1-C7A5-4376-A066-2A32D752A2FF}</UniqueIdentifier>
      <Extensions>cpp;c;cc;cxx;def;odl;idl;hpj;bat;asm;asmx</Extensions>
    </Filter>
    <Filter Include="watchdir">
      <UniqueIdentifier>{0678a4ff-fca2-4048-86b9-8528e6621f14}</UniqueIdentifier>
    </Filter>
    <Filter Include="sha2">
      <UniqueIdentifier>{d7a7cd78-b293-49b5-bb87-4e3461a306af}</UniqueIdentifier>
    </Filter>
    <Filter Include="Headerdateien">
      <UniqueIdentifier>{93995380-89BD-4b04-88EB-625FBE52EBFB}</UniqueIdentifier>
      <Extensions>h;hpp;hxx;hm;inl;inc;xsd</Extensions>
    </Filter>
    <Filter Include="fileclient">
      <UniqueIdentifier>{5cdf5545-d6e8-4bee-8076-81b308b385b1}</UniqueIdentifier>
    </Filter>
  </ItemGroup>
  <ItemGroup>
    <ClCompile Include="..\urbackupcommon\sha2\sha2.c">
      <Filter>sha2</Filter>
    </ClCompile>
    <ClCompile Include="ChangeJournalWatcher.cpp">
      <Filter>watchdir</Filter>
    </ClCompile>
    <ClCompile Include="DirectoryWatcherThread.cpp">
      <Filter>watchdir</Filter>
    </ClCompile>
    <ClCompile Include="client.cpp">
      <Filter>Quelldateien</Filter>
    </ClCompile>
    <ClCompile Include="client_restore.cpp">
      <Filter>Quelldateien</Filter>
    </ClCompile>
    <ClCompile Include="clientdao.cpp">
      <Filter>Quelldateien</Filter>
    </ClCompile>
    <ClCompile Include="ClientService.cpp">
      <Filter>Quelldateien</Filter>
    </ClCompile>
    <ClCompile Include="dllmain.cpp">
      <Filter>Quelldateien</Filter>
    </ClCompile>
    <ClCompile Include="ServerIdentityMgr.cpp">
      <Filter>Quelldateien</Filter>
    </ClCompile>
    <ClCompile Include="win_sysvol.cpp">
      <Filter>Quelldateien</Filter>
    </ClCompile>
    <ClCompile Include="ClientSend.cpp">
      <Filter>Quelldateien</Filter>
    </ClCompile>
    <ClCompile Include="..\urbackupcommon\os_functions_win.cpp">
      <Filter>Quelldateien</Filter>
    </ClCompile>
    <ClCompile Include="..\stringtools.cpp">
      <Filter>Quelldateien</Filter>
    </ClCompile>
    <ClCompile Include="..\urbackupcommon\fileclient\tcpstack.cpp">
      <Filter>Quelldateien</Filter>
    </ClCompile>
    <ClCompile Include="..\urbackupcommon\bufmgr.cpp">
      <Filter>Quelldateien</Filter>
    </ClCompile>
    <ClCompile Include="..\urbackupcommon\escape.cpp">
      <Filter>Quelldateien</Filter>
    </ClCompile>
    <ClCompile Include="..\urbackupcommon\settingslist.cpp">
      <Filter>Quelldateien</Filter>
    </ClCompile>
    <ClCompile Include="ClientServiceCMD.cpp">
      <Filter>Quelldateien</Filter>
    </ClCompile>
    <ClCompile Include="ImageThread.cpp">
      <Filter>Quelldateien</Filter>
    </ClCompile>
    <ClCompile Include="InternetClient.cpp">
      <Filter>Quelldateien</Filter>
    </ClCompile>
    <ClCompile Include="..\md5.cpp">
      <Filter>Quelldateien</Filter>
    </ClCompile>
    <ClCompile Include="..\urbackupcommon\CompressedPipe.cpp">
      <Filter>Quelldateien</Filter>
    </ClCompile>
    <ClCompile Include="..\common\data.cpp">
      <Filter>Quelldateien</Filter>
    </ClCompile>
    <ClCompile Include="win_ver.cpp">
      <Filter>Quelldateien</Filter>
    </ClCompile>
    <ClCompile Include="..\urbackupcommon\json.cpp">
      <Filter>Quelldateien</Filter>
    </ClCompile>
    <ClCompile Include="file_permissions.cpp">
      <Filter>Quelldateien</Filter>
    </ClCompile>
    <ClCompile Include="win_all_volumes.cpp">
      <Filter>Quelldateien</Filter>
    </ClCompile>
    <ClCompile Include="PersistentOpenFiles.cpp">
      <Filter>watchdir</Filter>
    </ClCompile>
    <ClCompile Include="watchdir\JournalDAO.cpp">
      <Filter>watchdir</Filter>
    </ClCompile>
    <ClCompile Include="watchdir\ContinuousWatchEnqueue.cpp">
      <Filter>watchdir</Filter>
    </ClCompile>
    <ClCompile Include="..\urbackupcommon\glob.cpp">
      <Filter>Quelldateien</Filter>
    </ClCompile>
    <ClCompile Include="common_tokens.cpp">
      <Filter>Quelldateien</Filter>
    </ClCompile>
    <ClCompile Include="..\urbackupcommon\fileclient\FileClient.cpp">
      <Filter>fileclient</Filter>
    </ClCompile>
    <ClCompile Include="..\urbackupcommon\fileclient\FileClientChunked.cpp">
      <Filter>fileclient</Filter>
    </ClCompile>
    <ClCompile Include="..\common\adler32.cpp">
      <Filter>fileclient</Filter>
    </ClCompile>
    <ClCompile Include="RestoreFiles.cpp">
      <Filter>Quelldateien</Filter>
    </ClCompile>
    <ClCompile Include="RestoreDownloadThread.cpp">
      <Filter>Quelldateien</Filter>
    </ClCompile>
    <ClCompile Include="FileMetadataDownloadThread.cpp">
      <Filter>Quelldateien</Filter>
    </ClCompile>
    <ClCompile Include="..\urbackupcommon\filelist_utils.cpp">
      <Filter>Quelldateien</Filter>
    </ClCompile>
    <ClCompile Include="..\urbackupcommon\file_metadata.cpp">
      <Filter>Quelldateien</Filter>
    </ClCompile>
    <ClCompile Include="..\urbackupcommon\chunk_hasher.cpp">
      <Filter>Quelldateien</Filter>
    </ClCompile>
    <ClCompile Include="..\urbackupcommon\InternetServicePipe2.cpp">
      <Filter>Quelldateien</Filter>
    </ClCompile>
    <ClCompile Include="win_tokens.cpp">
      <Filter>Quelldateien</Filter>
    </ClCompile>
    <ClCompile Include="TokenCallback.cpp">
      <Filter>Quelldateien</Filter>
    </ClCompile>
  </ItemGroup>
  <ItemGroup>
    <ClInclude Include="..\urbackupcommon\sha2\sha2.h">
      <Filter>sha2</Filter>
    </ClInclude>
    <ClInclude Include="DirectoryWatcherThread.h">
      <Filter>watchdir</Filter>
    </ClInclude>
    <ClInclude Include="ChangeJournalWatcher.h">
      <Filter>watchdir</Filter>
    </ClInclude>
    <ClInclude Include="client.h">
      <Filter>Headerdateien</Filter>
    </ClInclude>
    <ClInclude Include="clientdao.h">
      <Filter>Headerdateien</Filter>
    </ClInclude>
    <ClInclude Include="ClientService.h">
      <Filter>Headerdateien</Filter>
    </ClInclude>
    <ClInclude Include="database.h">
      <Filter>Headerdateien</Filter>
    </ClInclude>
    <ClInclude Include="ServerIdentityMgr.h">
      <Filter>Headerdateien</Filter>
    </ClInclude>
    <ClInclude Include="win_sysvol.h">
      <Filter>Headerdateien</Filter>
    </ClInclude>
    <ClInclude Include="ClientSend.h">
      <Filter>Headerdateien</Filter>
    </ClInclude>
    <ClInclude Include="..\urbackupcommon\bufmgr.h">
      <Filter>Headerdateien</Filter>
    </ClInclude>
    <ClInclude Include="..\urbackupcommon\escape.h">
      <Filter>Headerdateien</Filter>
    </ClInclude>
    <ClInclude Include="..\urbackupcommon\os_functions.h">
      <Filter>Headerdateien</Filter>
    </ClInclude>
    <ClInclude Include="..\stringtools.h">
      <Filter>Headerdateien</Filter>
    </ClInclude>
    <ClInclude Include="..\urbackupcommon\fileclient\tcpstack.h">
      <Filter>Headerdateien</Filter>
    </ClInclude>
    <ClInclude Include="ImageThread.h">
      <Filter>Headerdateien</Filter>
    </ClInclude>
    <ClInclude Include="InternetClient.h">
      <Filter>Headerdateien</Filter>
    </ClInclude>
    <ClInclude Include="..\md5.h">
      <Filter>Headerdateien</Filter>
    </ClInclude>
    <ClInclude Include="..\urbackupcommon\CompressedPipe.h">
      <Filter>Headerdateien</Filter>
    </ClInclude>
    <ClInclude Include="..\urbackupcommon\capa_bits.h">
      <Filter>Headerdateien</Filter>
    </ClInclude>
    <ClInclude Include="..\urbackupcommon\mbrdata.h">
      <Filter>Headerdateien</Filter>
    </ClInclude>
    <ClInclude Include="..\common\data.h">
      <Filter>Headerdateien</Filter>
    </ClInclude>
    <ClInclude Include="win_ver.h">
      <Filter>Headerdateien</Filter>
    </ClInclude>
    <ClInclude Include="file_permissions.h">
      <Filter>Headerdateien</Filter>
    </ClInclude>
    <ClInclude Include="win_all_volumes.h">
      <Filter>Headerdateien</Filter>
    </ClInclude>
    <ClInclude Include="PersistentOpenFiles.h">
      <Filter>watchdir</Filter>
    </ClInclude>
    <ClInclude Include="watchdir\JournalDAO.h">
      <Filter>watchdir</Filter>
    </ClInclude>
    <ClInclude Include="watchdir\ContinuousWatchEnqueue.h">
      <Filter>watchdir</Filter>
    </ClInclude>
    <ClInclude Include="..\urbackupcommon\change_ids.h">
      <Filter>watchdir</Filter>
    </ClInclude>
    <ClInclude Include="..\urbackupcommon\glob.h">
      <Filter>Headerdateien</Filter>
    </ClInclude>
    <ClInclude Include="..\urbackupcommon\fileclient\FileClient.h">
      <Filter>fileclient</Filter>
    </ClInclude>
    <ClInclude Include="..\urbackupcommon\fileclient\FileClientChunked.h">
      <Filter>fileclient</Filter>
    </ClInclude>
    <ClInclude Include="..\urbackupcommon\fileclient\packet_ids.h">
      <Filter>fileclient</Filter>
    </ClInclude>
    <ClInclude Include="..\urbackupcommon\fileclient\socket_header.h">
      <Filter>fileclient</Filter>
    </ClInclude>
    <ClInclude Include="..\common\adler32.h">
      <Filter>fileclient</Filter>
    </ClInclude>
    <ClInclude Include="RestoreDownloadThread.h">
      <Filter>Headerdateien</Filter>
    </ClInclude>
    <ClInclude Include="FileMetadataDownloadThread.h">
      <Filter>Headerdateien</Filter>
    </ClInclude>
    <ClInclude Include="..\urbackupcommon\filelist_utils.h">
      <Filter>Headerdateien</Filter>
    </ClInclude>
    <ClInclude Include="RestoreFiles.h">
      <Filter>Headerdateien</Filter>
    </ClInclude>
    <ClInclude Include="..\urbackupcommon\file_metadata.h">
      <Filter>Headerdateien</Filter>
    </ClInclude>
    <ClInclude Include="..\urbackupcommon\chunk_hasher.h">
      <Filter>Headerdateien</Filter>
    </ClInclude>
    <ClInclude Include="..\urbackupcommon\InternetServicePipe2.h">
      <Filter>Headerdateien</Filter>
    </ClInclude>
    <ClInclude Include="tokens.h">
      <Filter>Headerdateien</Filter>
    </ClInclude>
    <ClInclude Include="TokenCallback.h">
      <Filter>Headerdateien</Filter>
    </ClInclude>
  </ItemGroup>
</Project>