
Microsoft Visual Studio Solution File, Format Version 11.00
# Visual Studio 2010
Project("{8BC9CEB8-8B4A-11D0-8D11-00A0C91BC942}") = "CompiledServer", "CompiledServer.vcxproj", "{8546D6E2-1872-418B-9766-E40F33689BE4}"
EndProject
Project("{8BC9CEB8-8B4A-11D0-8D11-00A0C91BC942}") = "urmail", "urmail\urmail.vcxproj", "{8C7CC2AC-A453-4B3A-A703-D875D1CE15B6}"
EndProject
Project("{8BC9CEB8-8B4A-11D0-8D11-00A0C91BC942}") = "pop3_server", "pop3_server\pop3_server.vcxproj", "{5B2AF133-8967-45E8-AFE5-0BB73E048EC9}"
EndProject
Project("{8BC9CEB8-8B4A-11D0-8D11-00A0C91BC942}") = "smtp_server", "smtp_server\smtp_server.vcxproj", "{0D566993-9E10-41C3-AFEF-673EBC56274C}"
EndProject
Project("{8BC9CEB8-8B4A-11D0-8D11-00A0C91BC942}") = "searchplugin", "searchplugin\searchplugin.vcxproj", "{41B8D0ED-95AD-419F-B997-7BA4F6E376FC}"
EndProject
Project("{8BC9CEB8-8B4A-11D0-8D11-00A0C91BC942}") = "bbsuche", "bbsuche\bbsuche.vcxproj", "{FB6E7823-C7B8-4D72-877C-DF745505B78D}"
EndProject
Project("{8BC9CEB8-8B4A-11D0-8D11-00A0C91BC942}") = "passwordsafe", "passwordsafe\passwordsafe.vcxproj", "{44FCBBF0-F082-4D28-A390-95FFCD76BAD8}"
EndProject
Project("{8BC9CEB8-8B4A-11D0-8D11-00A0C91BC942}") = "fetchmail", "fetchmail\fetchmail.vcxproj", "{A37DE171-F66A-49E1-81AF-B4AEAE7DF1A0}"
EndProject
Project("{8BC9CEB8-8B4A-11D0-8D11-00A0C91BC942}") = "cookassistant", "cookassistant\cookassistant.vcxproj", "{0A7CEFC3-2B01-4130-973B-68DA986AFA65}"
EndProject
Project("{8BC9CEB8-8B4A-11D0-8D11-00A0C91BC942}") = "sysmgr", "sysmgr\sysmgr.vcxproj", "{AE16E6C5-7919-4E89-98FA-A0FEC448DDCF}"
EndProject
Project("{8BC9CEB8-8B4A-11D0-8D11-00A0C91BC942}") = "guestbook", "..\guestbook\guestbook.vcxproj", "{82BD764C-0FFC-40E3-8590-CBD3A8EE427B}"
EndProject
Project("{8BC9CEB8-8B4A-11D0-8D11-00A0C91BC942}") = "httpserver", "httpserver\httpserver.vcxproj", "{D1BF1BE4-1F36-4E19-8631-CB4C93B77E9B}"
EndProject
Project("{8BC9CEB8-8B4A-11D0-8D11-00A0C91BC942}") = "ocamlinterpreter", "ocamlinterpreter\ocamlinterpreter.vcxproj", "{E57E4168-34AB-423D-81D0-F62CD5DD488D}"
EndProject
Project("{8BC9CEB8-8B4A-11D0-8D11-00A0C91BC942}") = "piped_process", "piped_process\piped_process.vcxproj", "{CE40A480-BD9D-446F-A549-23FD1D6868C2}"
EndProject
Project("{8BC9CEB8-8B4A-11D0-8D11-00A0C91BC942}") = "bimuxxi", "bimuxxi\bimuxxi.vcxproj", "{1586287F-DA39-425D-AAF9-C688569E50A9}"
EndProject
Project("{8BC9CEB8-8B4A-11D0-8D11-00A0C91BC942}") = "ircsearch", "ircsearch\ircsearch.vcxproj", "{6D57C528-DAFB-42BA-9884-7D3B06F916DE}"
EndProject
Project("{8BC9CEB8-8B4A-11D0-8D11-00A0C91BC942}") = "dcsearch", "dcsearch\dcsearch.vcxproj", "{4BA4796E-008A-4963-8D0E-9C375C9A2B4B}"
EndProject
Project("{8BC9CEB8-8B4A-11D0-8D11-00A0C91BC942}") = "passwordsafe2", "passwordsafe2\passwordsafe2.vcxproj", "{23D4C1E4-8721-4F25-B94C-4100B5E874E8}"
EndProject
Project("{8BC9CEB8-8B4A-11D0-8D11-00A0C91BC942}") = "cryptoplugin", "cryptoplugin\cryptoplugin.vcxproj", "{A9B12FBF-84D8-4BB6-B4A3-DD57F06637B0}"
EndProject
Project("{8BC9CEB8-8B4A-11D0-8D11-00A0C91BC942}") = "urbackup", "urbackup\urbackup.vcxproj", "{A4E2527B-4886-4163-9411-10BF66A931BE}"
EndProject
Project("{8BC9CEB8-8B4A-11D0-8D11-00A0C91BC942}") = "fileservplugin", "fileservplugin\fileservplugin.vcxproj", "{B1F1AF2E-E544-45F7-864A-883461A4B574}"
EndProject
Project("{8BC9CEB8-8B4A-11D0-8D11-00A0C91BC942}") = "fsimageplugin", "fsimageplugin\fsimageplugin.vcxproj", "{20375DC0-38DA-4254-B479-EFA8028C29B1}"
EndProject
Project("{8BC9CEB8-8B4A-11D0-8D11-00A0C91BC942}") = "pychart", "pychart\pychart.vcxproj", "{DB4FFADB-B1D0-4D52-8CD5-C9AE479CA565}"
EndProject
Project("{8BC9CEB8-8B4A-11D0-8D11-00A0C91BC942}") = "downloadplugin", "downloadplugin\downloadplugin.vcxproj", "{835A9C1D-BDEE-44A2-97DB-EF9C4AE59F45}"
EndProject
Project("{8BC9CEB8-8B4A-11D0-8D11-00A0C91BC942}") = "jswiki", "jswiki\jswiki.vcxproj", "{81EE2F6D-6A48-423B-8BBB-B97DB74EDD0F}"
EndProject
Global
	GlobalSection(SolutionConfigurationPlatforms) = preSolution
		Debug WinXP|Win32 = Debug WinXP|Win32
		Debug WinXP|x64 = Debug WinXP|x64
		Debug XP|Win32 = Debug XP|Win32
		Debug XP|x64 = Debug XP|x64
		Debug|Win32 = Debug|Win32
		Debug|x64 = Debug|x64
		Release|Win32 = Release|Win32
		Release|x64 = Release|x64
	EndGlobalSection
	GlobalSection(ProjectConfigurationPlatforms) = postSolution
		{8546D6E2-1872-418B-9766-E40F33689BE4}.Debug WinXP|Win32.ActiveCfg = Debug|Win32
		{8546D6E2-1872-418B-9766-E40F33689BE4}.Debug WinXP|Win32.Build.0 = Debug|Win32
		{8546D6E2-1872-418B-9766-E40F33689BE4}.Debug WinXP|x64.ActiveCfg = Debug|Win32
		{8546D6E2-1872-418B-9766-E40F33689BE4}.Debug XP|Win32.ActiveCfg = Debug|Win32
		{8546D6E2-1872-418B-9766-E40F33689BE4}.Debug XP|Win32.Build.0 = Debug|Win32
		{8546D6E2-1872-418B-9766-E40F33689BE4}.Debug XP|x64.ActiveCfg = Debug|Win32
		{8546D6E2-1872-418B-9766-E40F33689BE4}.Debug|Win32.ActiveCfg = Debug|Win32
		{8546D6E2-1872-418B-9766-E40F33689BE4}.Debug|Win32.Build.0 = Debug|Win32
		{8546D6E2-1872-418B-9766-E40F33689BE4}.Debug|x64.ActiveCfg = Debug|Win32
		{8546D6E2-1872-418B-9766-E40F33689BE4}.Release|Win32.ActiveCfg = Release|Win32
		{8546D6E2-1872-418B-9766-E40F33689BE4}.Release|Win32.Build.0 = Release|Win32
		{8546D6E2-1872-418B-9766-E40F33689BE4}.Release|x64.ActiveCfg = Release Service|x64
		{8C7CC2AC-A453-4B3A-A703-D875D1CE15B6}.Debug WinXP|Win32.ActiveCfg = Debug|Win32
		{8C7CC2AC-A453-4B3A-A703-D875D1CE15B6}.Debug WinXP|Win32.Build.0 = Debug|Win32
		{8C7CC2AC-A453-4B3A-A703-D875D1CE15B6}.Debug WinXP|x64.ActiveCfg = Debug|Win32
		{8C7CC2AC-A453-4B3A-A703-D875D1CE15B6}.Debug XP|Win32.ActiveCfg = Debug|Win32
		{8C7CC2AC-A453-4B3A-A703-D875D1CE15B6}.Debug XP|Win32.Build.0 = Debug|Win32
		{8C7CC2AC-A453-4B3A-A703-D875D1CE15B6}.Debug XP|x64.ActiveCfg = Debug|Win32
		{8C7CC2AC-A453-4B3A-A703-D875D1CE15B6}.Debug|Win32.ActiveCfg = Debug|Win32
		{8C7CC2AC-A453-4B3A-A703-D875D1CE15B6}.Debug|Win32.Build.0 = Debug|Win32
		{8C7CC2AC-A453-4B3A-A703-D875D1CE15B6}.Debug|x64.ActiveCfg = Debug|Win32
		{8C7CC2AC-A453-4B3A-A703-D875D1CE15B6}.Release|Win32.ActiveCfg = Release|Win32
		{8C7CC2AC-A453-4B3A-A703-D875D1CE15B6}.Release|Win32.Build.0 = Release|Win32
		{8C7CC2AC-A453-4B3A-A703-D875D1CE15B6}.Release|x64.ActiveCfg = Release|Win32
		{5B2AF133-8967-45E8-AFE5-0BB73E048EC9}.Debug WinXP|Win32.ActiveCfg = Debug|Win32
		{5B2AF133-8967-45E8-AFE5-0BB73E048EC9}.Debug WinXP|Win32.Build.0 = Debug|Win32
		{5B2AF133-8967-45E8-AFE5-0BB73E048EC9}.Debug WinXP|x64.ActiveCfg = Debug|Win32
		{5B2AF133-8967-45E8-AFE5-0BB73E048EC9}.Debug XP|Win32.ActiveCfg = Debug|Win32
		{5B2AF133-8967-45E8-AFE5-0BB73E048EC9}.Debug XP|Win32.Build.0 = Debug|Win32
		{5B2AF133-8967-45E8-AFE5-0BB73E048EC9}.Debug XP|x64.ActiveCfg = Debug|Win32
		{5B2AF133-8967-45E8-AFE5-0BB73E048EC9}.Debug|Win32.ActiveCfg = Debug|Win32
		{5B2AF133-8967-45E8-AFE5-0BB73E048EC9}.Debug|Win32.Build.0 = Debug|Win32
		{5B2AF133-8967-45E8-AFE5-0BB73E048EC9}.Debug|x64.ActiveCfg = Debug|Win32
		{5B2AF133-8967-45E8-AFE5-0BB73E048EC9}.Release|Win32.ActiveCfg = Release|Win32
		{5B2AF133-8967-45E8-AFE5-0BB73E048EC9}.Release|Win32.Build.0 = Release|Win32
		{5B2AF133-8967-45E8-AFE5-0BB73E048EC9}.Release|x64.ActiveCfg = Release|Win32
		{0D566993-9E10-41C3-AFEF-673EBC56274C}.Debug WinXP|Win32.ActiveCfg = Debug|Win32
		{0D566993-9E10-41C3-AFEF-673EBC56274C}.Debug WinXP|Win32.Build.0 = Debug|Win32
		{0D566993-9E10-41C3-AFEF-673EBC56274C}.Debug WinXP|x64.ActiveCfg = Debug|Win32
		{0D566993-9E10-41C3-AFEF-673EBC56274C}.Debug XP|Win32.ActiveCfg = Debug|Win32
		{0D566993-9E10-41C3-AFEF-673EBC56274C}.Debug XP|Win32.Build.0 = Debug|Win32
		{0D566993-9E10-41C3-AFEF-673EBC56274C}.Debug XP|x64.ActiveCfg = Debug|Win32
		{0D566993-9E10-41C3-AFEF-673EBC56274C}.Debug|Win32.ActiveCfg = Debug|Win32
		{0D566993-9E10-41C3-AFEF-673EBC56274C}.Debug|Win32.Build.0 = Debug|Win32
		{0D566993-9E10-41C3-AFEF-673EBC56274C}.Debug|x64.ActiveCfg = Debug|Win32
		{0D566993-9E10-41C3-AFEF-673EBC56274C}.Release|Win32.ActiveCfg = Release|Win32
		{0D566993-9E10-41C3-AFEF-673EBC56274C}.Release|Win32.Build.0 = Release|Win32
		{0D566993-9E10-41C3-AFEF-673EBC56274C}.Release|x64.ActiveCfg = Release|Win32
		{41B8D0ED-95AD-419F-B997-7BA4F6E376FC}.Debug WinXP|Win32.ActiveCfg = Debug|Win32
		{41B8D0ED-95AD-419F-B997-7BA4F6E376FC}.Debug WinXP|Win32.Build.0 = Debug|Win32
		{41B8D0ED-95AD-419F-B997-7BA4F6E376FC}.Debug WinXP|x64.ActiveCfg = Debug|Win32
		{41B8D0ED-95AD-419F-B997-7BA4F6E376FC}.Debug XP|Win32.ActiveCfg = Debug|Win32
		{41B8D0ED-95AD-419F-B997-7BA4F6E376FC}.Debug XP|Win32.Build.0 = Debug|Win32
		{41B8D0ED-95AD-419F-B997-7BA4F6E376FC}.Debug XP|x64.ActiveCfg = Debug|Win32
		{41B8D0ED-95AD-419F-B997-7BA4F6E376FC}.Debug|Win32.ActiveCfg = Debug|Win32
		{41B8D0ED-95AD-419F-B997-7BA4F6E376FC}.Debug|Win32.Build.0 = Debug|Win32
		{41B8D0ED-95AD-419F-B997-7BA4F6E376FC}.Debug|x64.ActiveCfg = Debug|Win32
		{41B8D0ED-95AD-419F-B997-7BA4F6E376FC}.Release|Win32.ActiveCfg = Release|Win32
		{41B8D0ED-95AD-419F-B997-7BA4F6E376FC}.Release|Win32.Build.0 = Release|Win32
		{41B8D0ED-95AD-419F-B997-7BA4F6E376FC}.Release|x64.ActiveCfg = Release|Win32
		{FB6E7823-C7B8-4D72-877C-DF745505B78D}.Debug WinXP|Win32.ActiveCfg = Debug|Win32
		{FB6E7823-C7B8-4D72-877C-DF745505B78D}.Debug WinXP|Win32.Build.0 = Debug|Win32
		{FB6E7823-C7B8-4D72-877C-DF745505B78D}.Debug WinXP|x64.ActiveCfg = Debug|Win32
		{FB6E7823-C7B8-4D72-877C-DF745505B78D}.Debug XP|Win32.ActiveCfg = Debug|Win32
		{FB6E7823-C7B8-4D72-877C-DF745505B78D}.Debug XP|Win32.Build.0 = Debug|Win32
		{FB6E7823-C7B8-4D72-877C-DF745505B78D}.Debug XP|x64.ActiveCfg = Debug|Win32
		{FB6E7823-C7B8-4D72-877C-DF745505B78D}.Debug|Win32.ActiveCfg = Debug|Win32
		{FB6E7823-C7B8-4D72-877C-DF745505B78D}.Debug|Win32.Build.0 = Debug|Win32
		{FB6E7823-C7B8-4D72-877C-DF745505B78D}.Debug|x64.ActiveCfg = Debug|Win32
		{FB6E7823-C7B8-4D72-877C-DF745505B78D}.Release|Win32.ActiveCfg = Release|Win32
		{FB6E7823-C7B8-4D72-877C-DF745505B78D}.Release|Win32.Build.0 = Release|Win32
		{FB6E7823-C7B8-4D72-877C-DF745505B78D}.Release|x64.ActiveCfg = Release|Win32
		{44FCBBF0-F082-4D28-A390-95FFCD76BAD8}.Debug WinXP|Win32.ActiveCfg = Debug|Win32
		{44FCBBF0-F082-4D28-A390-95FFCD76BAD8}.Debug WinXP|Win32.Build.0 = Debug|Win32
		{44FCBBF0-F082-4D28-A390-95FFCD76BAD8}.Debug WinXP|x64.ActiveCfg = Debug|Win32
		{44FCBBF0-F082-4D28-A390-95FFCD76BAD8}.Debug XP|Win32.ActiveCfg = Debug|Win32
		{44FCBBF0-F082-4D28-A390-95FFCD76BAD8}.Debug XP|Win32.Build.0 = Debug|Win32
		{44FCBBF0-F082-4D28-A390-95FFCD76BAD8}.Debug XP|x64.ActiveCfg = Debug|Win32
		{44FCBBF0-F082-4D28-A390-95FFCD76BAD8}.Debug|Win32.ActiveCfg = Debug|Win32
		{44FCBBF0-F082-4D28-A390-95FFCD76BAD8}.Debug|Win32.Build.0 = Debug|Win32
		{44FCBBF0-F082-4D28-A390-95FFCD76BAD8}.Debug|x64.ActiveCfg = Debug|Win32
		{44FCBBF0-F082-4D28-A390-95FFCD76BAD8}.Release|Win32.ActiveCfg = Release|Win32
		{44FCBBF0-F082-4D28-A390-95FFCD76BAD8}.Release|Win32.Build.0 = Release|Win32
		{44FCBBF0-F082-4D28-A390-95FFCD76BAD8}.Release|x64.ActiveCfg = Release|Win32
		{A37DE171-F66A-49E1-81AF-B4AEAE7DF1A0}.Debug WinXP|Win32.ActiveCfg = Debug|Win32
		{A37DE171-F66A-49E1-81AF-B4AEAE7DF1A0}.Debug WinXP|Win32.Build.0 = Debug|Win32
		{A37DE171-F66A-49E1-81AF-B4AEAE7DF1A0}.Debug WinXP|x64.ActiveCfg = Debug|Win32
		{A37DE171-F66A-49E1-81AF-B4AEAE7DF1A0}.Debug XP|Win32.ActiveCfg = Debug|Win32
		{A37DE171-F66A-49E1-81AF-B4AEAE7DF1A0}.Debug XP|Win32.Build.0 = Debug|Win32
		{A37DE171-F66A-49E1-81AF-B4AEAE7DF1A0}.Debug XP|x64.ActiveCfg = Debug|Win32
		{A37DE171-F66A-49E1-81AF-B4AEAE7DF1A0}.Debug|Win32.ActiveCfg = Debug|Win32
		{A37DE171-F66A-49E1-81AF-B4AEAE7DF1A0}.Debug|Win32.Build.0 = Debug|Win32
		{A37DE171-F66A-49E1-81AF-B4AEAE7DF1A0}.Debug|x64.ActiveCfg = Debug|Win32
		{A37DE171-F66A-49E1-81AF-B4AEAE7DF1A0}.Release|Win32.ActiveCfg = Release|Win32
		{A37DE171-F66A-49E1-81AF-B4AEAE7DF1A0}.Release|Win32.Build.0 = Release|Win32
		{A37DE171-F66A-49E1-81AF-B4AEAE7DF1A0}.Release|x64.ActiveCfg = Release|Win32
		{0A7CEFC3-2B01-4130-973B-68DA986AFA65}.Debug WinXP|Win32.ActiveCfg = Debug|Win32
		{0A7CEFC3-2B01-4130-973B-68DA986AFA65}.Debug WinXP|Win32.Build.0 = Debug|Win32
		{0A7CEFC3-2B01-4130-973B-68DA986AFA65}.Debug WinXP|x64.ActiveCfg = Debug|Win32
		{0A7CEFC3-2B01-4130-973B-68DA986AFA65}.Debug XP|Win32.ActiveCfg = Debug|Win32
		{0A7CEFC3-2B01-4130-973B-68DA986AFA65}.Debug XP|Win32.Build.0 = Debug|Win32
		{0A7CEFC3-2B01-4130-973B-68DA986AFA65}.Debug XP|x64.ActiveCfg = Debug|Win32
		{0A7CEFC3-2B01-4130-973B-68DA986AFA65}.Debug|Win32.ActiveCfg = Debug|Win32
		{0A7CEFC3-2B01-4130-973B-68DA986AFA65}.Debug|Win32.Build.0 = Debug|Win32
		{0A7CEFC3-2B01-4130-973B-68DA986AFA65}.Debug|x64.ActiveCfg = Debug|Win32
		{0A7CEFC3-2B01-4130-973B-68DA986AFA65}.Release|Win32.ActiveCfg = Release|Win32
		{0A7CEFC3-2B01-4130-973B-68DA986AFA65}.Release|Win32.Build.0 = Release|Win32
		{0A7CEFC3-2B01-4130-973B-68DA986AFA65}.Release|x64.ActiveCfg = Release|Win32
		{AE16E6C5-7919-4E89-98FA-A0FEC448DDCF}.Debug WinXP|Win32.ActiveCfg = Debug|Win32
		{AE16E6C5-7919-4E89-98FA-A0FEC448DDCF}.Debug WinXP|Win32.Build.0 = Debug|Win32
		{AE16E6C5-7919-4E89-98FA-A0FEC448DDCF}.Debug WinXP|x64.ActiveCfg = Debug|Win32
		{AE16E6C5-7919-4E89-98FA-A0FEC448DDCF}.Debug XP|Win32.ActiveCfg = Debug|Win32
		{AE16E6C5-7919-4E89-98FA-A0FEC448DDCF}.Debug XP|Win32.Build.0 = Debug|Win32
		{AE16E6C5-7919-4E89-98FA-A0FEC448DDCF}.Debug XP|x64.ActiveCfg = Debug|Win32
		{AE16E6C5-7919-4E89-98FA-A0FEC448DDCF}.Debug|Win32.ActiveCfg = Debug|Win32
		{AE16E6C5-7919-4E89-98FA-A0FEC448DDCF}.Debug|Win32.Build.0 = Debug|Win32
		{AE16E6C5-7919-4E89-98FA-A0FEC448DDCF}.Debug|x64.ActiveCfg = Debug|Win32
		{AE16E6C5-7919-4E89-98FA-A0FEC448DDCF}.Release|Win32.ActiveCfg = Release|Win32
		{AE16E6C5-7919-4E89-98FA-A0FEC448DDCF}.Release|Win32.Build.0 = Release|Win32
		{AE16E6C5-7919-4E89-98FA-A0FEC448DDCF}.Release|x64.ActiveCfg = Release|Win32
		{82BD764C-0FFC-40E3-8590-CBD3A8EE427B}.Debug WinXP|Win32.ActiveCfg = Debug|Win32
		{82BD764C-0FFC-40E3-8590-CBD3A8EE427B}.Debug WinXP|x64.ActiveCfg = Debug|Win32
		{82BD764C-0FFC-40E3-8590-CBD3A8EE427B}.Debug XP|Win32.ActiveCfg = Debug|Win32
		{82BD764C-0FFC-40E3-8590-CBD3A8EE427B}.Debug XP|x64.ActiveCfg = Debug|Win32
		{82BD764C-0FFC-40E3-8590-CBD3A8EE427B}.Debug|Win32.ActiveCfg = Debug|Win32
		{82BD764C-0FFC-40E3-8590-CBD3A8EE427B}.Debug|Win32.Build.0 = Debug|Win32
		{82BD764C-0FFC-40E3-8590-CBD3A8EE427B}.Debug|x64.ActiveCfg = Debug|Win32
		{82BD764C-0FFC-40E3-8590-CBD3A8EE427B}.Release|Win32.ActiveCfg = Release|Win32
		{82BD764C-0FFC-40E3-8590-CBD3A8EE427B}.Release|Win32.Build.0 = Release|Win32
		{82BD764C-0FFC-40E3-8590-CBD3A8EE427B}.Release|x64.ActiveCfg = Release|Win32
		{D1BF1BE4-1F36-4E19-8631-CB4C93B77E9B}.Debug WinXP|Win32.ActiveCfg = Debug|Win32
		{D1BF1BE4-1F36-4E19-8631-CB4C93B77E9B}.Debug WinXP|Win32.Build.0 = Debug|Win32
		{D1BF1BE4-1F36-4E19-8631-CB4C93B77E9B}.Debug WinXP|x64.ActiveCfg = Debug|Win32
		{D1BF1BE4-1F36-4E19-8631-CB4C93B77E9B}.Debug XP|Win32.ActiveCfg = Debug|Win32
		{D1BF1BE4-1F36-4E19-8631-CB4C93B77E9B}.Debug XP|Win32.Build.0 = Debug|Win32
		{D1BF1BE4-1F36-4E19-8631-CB4C93B77E9B}.Debug XP|x64.ActiveCfg = Debug|Win32
		{D1BF1BE4-1F36-4E19-8631-CB4C93B77E9B}.Debug|Win32.ActiveCfg = Debug|Win32
		{D1BF1BE4-1F36-4E19-8631-CB4C93B77E9B}.Debug|Win32.Build.0 = Debug|Win32
		{D1BF1BE4-1F36-4E19-8631-CB4C93B77E9B}.Debug|x64.ActiveCfg = Debug|x64
		{D1BF1BE4-1F36-4E19-8631-CB4C93B77E9B}.Release|Win32.ActiveCfg = Release|Win32
		{D1BF1BE4-1F36-4E19-8631-CB4C93B77E9B}.Release|Win32.Build.0 = Release|Win32
		{D1BF1BE4-1F36-4E19-8631-CB4C93B77E9B}.Release|x64.ActiveCfg = Release|x64
		{E57E4168-34AB-423D-81D0-F62CD5DD488D}.Debug WinXP|Win32.ActiveCfg = Debug|Win32
		{E57E4168-34AB-423D-81D0-F62CD5DD488D}.Debug WinXP|Win32.Build.0 = Debug|Win32
		{E57E4168-34AB-423D-81D0-F62CD5DD488D}.Debug WinXP|x64.ActiveCfg = Debug|Win32
		{E57E4168-34AB-423D-81D0-F62CD5DD488D}.Debug XP|Win32.ActiveCfg = Debug|Win32
		{E57E4168-34AB-423D-81D0-F62CD5DD488D}.Debug XP|Win32.Build.0 = Debug|Win32
		{E57E4168-34AB-423D-81D0-F62CD5DD488D}.Debug XP|x64.ActiveCfg = Debug|Win32
		{E57E4168-34AB-423D-81D0-F62CD5DD488D}.Debug|Win32.ActiveCfg = Debug|Win32
		{E57E4168-34AB-423D-81D0-F62CD5DD488D}.Debug|Win32.Build.0 = Debug|Win32
		{E57E4168-34AB-423D-81D0-F62CD5DD488D}.Debug|x64.ActiveCfg = Debug|Win32
		{E57E4168-34AB-423D-81D0-F62CD5DD488D}.Release|Win32.ActiveCfg = Release|Win32
		{E57E4168-34AB-423D-81D0-F62CD5DD488D}.Release|Win32.Build.0 = Release|Win32
		{E57E4168-34AB-423D-81D0-F62CD5DD488D}.Release|x64.ActiveCfg = Release|Win32
		{CE40A480-BD9D-446F-A549-23FD1D6868C2}.Debug WinXP|Win32.ActiveCfg = Debug|Win32
		{CE40A480-BD9D-446F-A549-23FD1D6868C2}.Debug WinXP|Win32.Build.0 = Debug|Win32
		{CE40A480-BD9D-446F-A549-23FD1D6868C2}.Debug WinXP|x64.ActiveCfg = Debug|Win32
		{CE40A480-BD9D-446F-A549-23FD1D6868C2}.Debug XP|Win32.ActiveCfg = Debug|Win32
		{CE40A480-BD9D-446F-A549-23FD1D6868C2}.Debug XP|Win32.Build.0 = Debug|Win32
		{CE40A480-BD9D-446F-A549-23FD1D6868C2}.Debug XP|x64.ActiveCfg = Debug|Win32
		{CE40A480-BD9D-446F-A549-23FD1D6868C2}.Debug|Win32.ActiveCfg = Debug|Win32
		{CE40A480-BD9D-446F-A549-23FD1D6868C2}.Debug|Win32.Build.0 = Debug|Win32
		{CE40A480-BD9D-446F-A549-23FD1D6868C2}.Debug|x64.ActiveCfg = Debug|Win32
		{CE40A480-BD9D-446F-A549-23FD1D6868C2}.Release|Win32.ActiveCfg = Release|Win32
		{CE40A480-BD9D-446F-A549-23FD1D6868C2}.Release|Win32.Build.0 = Release|Win32
		{CE40A480-BD9D-446F-A549-23FD1D6868C2}.Release|x64.ActiveCfg = Release|x64
		{1586287F-DA39-425D-AAF9-C688569E50A9}.Debug WinXP|Win32.ActiveCfg = Debug|Win32
		{1586287F-DA39-425D-AAF9-C688569E50A9}.Debug WinXP|Win32.Build.0 = Debug|Win32
		{1586287F-DA39-425D-AAF9-C688569E50A9}.Debug WinXP|x64.ActiveCfg = Debug|Win32
		{1586287F-DA39-425D-AAF9-C688569E50A9}.Debug XP|Win32.ActiveCfg = Debug|Win32
		{1586287F-DA39-425D-AAF9-C688569E50A9}.Debug XP|Win32.Build.0 = Debug|Win32
		{1586287F-DA39-425D-AAF9-C688569E50A9}.Debug XP|x64.ActiveCfg = Debug|Win32
		{1586287F-DA39-425D-AAF9-C688569E50A9}.Debug|Win32.ActiveCfg = Debug|Win32
		{1586287F-DA39-425D-AAF9-C688569E50A9}.Debug|Win32.Build.0 = Debug|Win32
		{1586287F-DA39-425D-AAF9-C688569E50A9}.Debug|x64.ActiveCfg = Debug|Win32
		{1586287F-DA39-425D-AAF9-C688569E50A9}.Release|Win32.ActiveCfg = Release|Win32
		{1586287F-DA39-425D-AAF9-C688569E50A9}.Release|Win32.Build.0 = Release|Win32
		{1586287F-DA39-425D-AAF9-C688569E50A9}.Release|x64.ActiveCfg = Release|Win32
		{6D57C528-DAFB-42BA-9884-7D3B06F916DE}.Debug WinXP|Win32.ActiveCfg = Debug|Win32
		{6D57C528-DAFB-42BA-9884-7D3B06F916DE}.Debug WinXP|Win32.Build.0 = Debug|Win32
		{6D57C528-DAFB-42BA-9884-7D3B06F916DE}.Debug WinXP|x64.ActiveCfg = Debug|Win32
		{6D57C528-DAFB-42BA-9884-7D3B06F916DE}.Debug XP|Win32.ActiveCfg = Debug|Win32
		{6D57C528-DAFB-42BA-9884-7D3B06F916DE}.Debug XP|Win32.Build.0 = Debug|Win32
		{6D57C528-DAFB-42BA-9884-7D3B06F916DE}.Debug XP|x64.ActiveCfg = Debug|Win32
		{6D57C528-DAFB-42BA-9884-7D3B06F916DE}.Debug|Win32.ActiveCfg = Debug|Win32
		{6D57C528-DAFB-42BA-9884-7D3B06F916DE}.Debug|Win32.Build.0 = Debug|Win32
		{6D57C528-DAFB-42BA-9884-7D3B06F916DE}.Debug|x64.ActiveCfg = Debug|Win32
		{6D57C528-DAFB-42BA-9884-7D3B06F916DE}.Release|Win32.ActiveCfg = Release|Win32
		{6D57C528-DAFB-42BA-9884-7D3B06F916DE}.Release|Win32.Build.0 = Release|Win32
		{6D57C528-DAFB-42BA-9884-7D3B06F916DE}.Release|x64.ActiveCfg = Release|Win32
		{4BA4796E-008A-4963-8D0E-9C375C9A2B4B}.Debug WinXP|Win32.ActiveCfg = Debug|Win32
		{4BA4796E-008A-4963-8D0E-9C375C9A2B4B}.Debug WinXP|Win32.Build.0 = Debug|Win32
		{4BA4796E-008A-4963-8D0E-9C375C9A2B4B}.Debug WinXP|x64.ActiveCfg = Debug|Win32
		{4BA4796E-008A-4963-8D0E-9C375C9A2B4B}.Debug XP|Win32.ActiveCfg = Debug|Win32
		{4BA4796E-008A-4963-8D0E-9C375C9A2B4B}.Debug XP|Win32.Build.0 = Debug|Win32
		{4BA4796E-008A-4963-8D0E-9C375C9A2B4B}.Debug XP|x64.ActiveCfg = Debug|Win32
		{4BA4796E-008A-4963-8D0E-9C375C9A2B4B}.Debug|Win32.ActiveCfg = Debug|Win32
		{4BA4796E-008A-4963-8D0E-9C375C9A2B4B}.Debug|Win32.Build.0 = Debug|Win32
		{4BA4796E-008A-4963-8D0E-9C375C9A2B4B}.Debug|x64.ActiveCfg = Debug|Win32
		{4BA4796E-008A-4963-8D0E-9C375C9A2B4B}.Release|Win32.ActiveCfg = Release|Win32
		{4BA4796E-008A-4963-8D0E-9C375C9A2B4B}.Release|Win32.Build.0 = Release|Win32
		{4BA4796E-008A-4963-8D0E-9C375C9A2B4B}.Release|x64.ActiveCfg = Release|Win32
		{23D4C1E4-8721-4F25-B94C-4100B5E874E8}.Debug WinXP|Win32.ActiveCfg = Debug|Win32
		{23D4C1E4-8721-4F25-B94C-4100B5E874E8}.Debug WinXP|Win32.Build.0 = Debug|Win32
		{23D4C1E4-8721-4F25-B94C-4100B5E874E8}.Debug WinXP|x64.ActiveCfg = Debug|Win32
		{23D4C1E4-8721-4F25-B94C-4100B5E874E8}.Debug XP|Win32.ActiveCfg = Debug|Win32
		{23D4C1E4-8721-4F25-B94C-4100B5E874E8}.Debug XP|Win32.Build.0 = Debug|Win32
		{23D4C1E4-8721-4F25-B94C-4100B5E874E8}.Debug XP|x64.ActiveCfg = Debug|Win32
		{23D4C1E4-8721-4F25-B94C-4100B5E874E8}.Debug|Win32.ActiveCfg = Debug|Win32
		{23D4C1E4-8721-4F25-B94C-4100B5E874E8}.Debug|Win32.Build.0 = Debug|Win32
		{23D4C1E4-8721-4F25-B94C-4100B5E874E8}.Debug|x64.ActiveCfg = Debug|Win32
		{23D4C1E4-8721-4F25-B94C-4100B5E874E8}.Release|Win32.ActiveCfg = Release|Win32
		{23D4C1E4-8721-4F25-B94C-4100B5E874E8}.Release|Win32.Build.0 = Release|Win32
		{23D4C1E4-8721-4F25-B94C-4100B5E874E8}.Release|x64.ActiveCfg = Release|Win32
		{A9B12FBF-84D8-4BB6-B4A3-DD57F06637B0}.Debug WinXP|Win32.ActiveCfg = Debug|Win32
		{A9B12FBF-84D8-4BB6-B4A3-DD57F06637B0}.Debug WinXP|Win32.Build.0 = Debug|Win32
		{A9B12FBF-84D8-4BB6-B4A3-DD57F06637B0}.Debug WinXP|x64.ActiveCfg = Debug|Win32
		{A9B12FBF-84D8-4BB6-B4A3-DD57F06637B0}.Debug XP|Win32.ActiveCfg = Debug|Win32
		{A9B12FBF-84D8-4BB6-B4A3-DD57F06637B0}.Debug XP|Win32.Build.0 = Debug|Win32
		{A9B12FBF-84D8-4BB6-B4A3-DD57F06637B0}.Debug XP|x64.ActiveCfg = Debug|Win32
		{A9B12FBF-84D8-4BB6-B4A3-DD57F06637B0}.Debug|Win32.ActiveCfg = Debug|Win32
		{A9B12FBF-84D8-4BB6-B4A3-DD57F06637B0}.Debug|Win32.Build.0 = Debug|Win32
		{A9B12FBF-84D8-4BB6-B4A3-DD57F06637B0}.Debug|x64.ActiveCfg = Debug|Win32
		{A9B12FBF-84D8-4BB6-B4A3-DD57F06637B0}.Release|Win32.ActiveCfg = Release|Win32
		{A9B12FBF-84D8-4BB6-B4A3-DD57F06637B0}.Release|Win32.Build.0 = Release|Win32
		{A9B12FBF-84D8-4BB6-B4A3-DD57F06637B0}.Release|x64.ActiveCfg = Release|x64
		{A4E2527B-4886-4163-9411-10BF66A931BE}.Debug WinXP|Win32.ActiveCfg = Debug WinXP|Win32
		{A4E2527B-4886-4163-9411-10BF66A931BE}.Debug WinXP|Win32.Build.0 = Debug WinXP|Win32
		{A4E2527B-4886-4163-9411-10BF66A931BE}.Debug WinXP|x64.ActiveCfg = Release WinXP|x64
		{A4E2527B-4886-4163-9411-10BF66A931BE}.Debug WinXP|x64.Build.0 = Debug WinXP|x64
		{A4E2527B-4886-4163-9411-10BF66A931BE}.Debug XP|Win32.ActiveCfg = Release|Win32
		{A4E2527B-4886-4163-9411-10BF66A931BE}.Debug XP|Win32.Build.0 = Release|Win32
		{A4E2527B-4886-4163-9411-10BF66A931BE}.Debug XP|x64.ActiveCfg = Debug WinXP|x64
		{A4E2527B-4886-4163-9411-10BF66A931BE}.Debug XP|x64.Build.0 = Debug WinXP|x64
		{A4E2527B-4886-4163-9411-10BF66A931BE}.Debug|Win32.ActiveCfg = Debug|Win32
		{A4E2527B-4886-4163-9411-10BF66A931BE}.Debug|Win32.Build.0 = Debug|Win32
		{A4E2527B-4886-4163-9411-10BF66A931BE}.Debug|x64.ActiveCfg = Debug|Win32
		{A4E2527B-4886-4163-9411-10BF66A931BE}.Debug|x64.Build.0 = Debug|Win32
		{A4E2527B-4886-4163-9411-10BF66A931BE}.Release|Win32.ActiveCfg = Release Server PreVista|Win32
		{A4E2527B-4886-4163-9411-10BF66A931BE}.Release|Win32.Build.0 = Release Server PreVista|Win32
		{A4E2527B-4886-4163-9411-10BF66A931BE}.Release|x64.ActiveCfg = Release|x64
		{B1F1AF2E-E544-45F7-864A-883461A4B574}.Debug WinXP|Win32.ActiveCfg = Debug|Win32
		{B1F1AF2E-E544-45F7-864A-883461A4B574}.Debug WinXP|Win32.Build.0 = Debug|Win32
		{B1F1AF2E-E544-45F7-864A-883461A4B574}.Debug WinXP|x64.ActiveCfg = Debug|Win32
		{B1F1AF2E-E544-45F7-864A-883461A4B574}.Debug XP|Win32.ActiveCfg = Debug|Win32
		{B1F1AF2E-E544-45F7-864A-883461A4B574}.Debug XP|Win32.Build.0 = Debug|Win32
		{B1F1AF2E-E544-45F7-864A-883461A4B574}.Debug XP|x64.ActiveCfg = Debug|Win32
		{B1F1AF2E-E544-45F7-864A-883461A4B574}.Debug|Win32.ActiveCfg = Debug|Win32
		{B1F1AF2E-E544-45F7-864A-883461A4B574}.Debug|Win32.Build.0 = Debug|Win32
		{B1F1AF2E-E544-45F7-864A-883461A4B574}.Debug|x64.ActiveCfg = Debug|x64
		{B1F1AF2E-E544-45F7-864A-883461A4B574}.Release|Win32.ActiveCfg = Release|Win32
		{B1F1AF2E-E544-45F7-864A-883461A4B574}.Release|Win32.Build.0 = Release|Win32
		{B1F1AF2E-E544-45F7-864A-883461A4B574}.Release|x64.ActiveCfg = Release|x64
		{20375DC0-38DA-4254-B479-EFA8028C29B1}.Debug WinXP|Win32.ActiveCfg = Debug|Win32
		{20375DC0-38DA-4254-B479-EFA8028C29B1}.Debug WinXP|Win32.Build.0 = Debug|Win32
		{20375DC0-38DA-4254-B479-EFA8028C29B1}.Debug WinXP|x64.ActiveCfg = Debug|Win32
		{20375DC0-38DA-4254-B479-EFA8028C29B1}.Debug XP|Win32.ActiveCfg = Debug|Win32
		{20375DC0-38DA-4254-B479-EFA8028C29B1}.Debug XP|Win32.Build.0 = Debug|Win32
		{20375DC0-38DA-4254-B479-EFA8028C29B1}.Debug XP|x64.ActiveCfg = Debug|Win32
		{20375DC0-38DA-4254-B479-EFA8028C29B1}.Debug|Win32.ActiveCfg = Debug|Win32
		{20375DC0-38DA-4254-B479-EFA8028C29B1}.Debug|Win32.Build.0 = Debug|Win32
		{20375DC0-38DA-4254-B479-EFA8028C29B1}.Debug|x64.ActiveCfg = Debug|x64
		{20375DC0-38DA-4254-B479-EFA8028C29B1}.Release|Win32.ActiveCfg = Release|Win32
		{20375DC0-38DA-4254-B479-EFA8028C29B1}.Release|Win32.Build.0 = Release|Win32
		{20375DC0-38DA-4254-B479-EFA8028C29B1}.Release|x64.ActiveCfg = Release|x64
		{DB4FFADB-B1D0-4D52-8CD5-C9AE479CA565}.Debug WinXP|Win32.ActiveCfg = Debug|Win32
		{DB4FFADB-B1D0-4D52-8CD5-C9AE479CA565}.Debug WinXP|Win32.Build.0 = Debug|Win32
		{DB4FFADB-B1D0-4D52-8CD5-C9AE479CA565}.Debug WinXP|x64.ActiveCfg = Debug|Win32
		{DB4FFADB-B1D0-4D52-8CD5-C9AE479CA565}.Debug XP|Win32.ActiveCfg = Debug|Win32
		{DB4FFADB-B1D0-4D52-8CD5-C9AE479CA565}.Debug XP|Win32.Build.0 = Debug|Win32
		{DB4FFADB-B1D0-4D52-8CD5-C9AE479CA565}.Debug XP|x64.ActiveCfg = Debug|Win32
		{DB4FFADB-B1D0-4D52-8CD5-C9AE479CA565}.Debug|Win32.ActiveCfg = Debug|Win32
		{DB4FFADB-B1D0-4D52-8CD5-C9AE479CA565}.Debug|Win32.Build.0 = Debug|Win32
		{DB4FFADB-B1D0-4D52-8CD5-C9AE479CA565}.Debug|x64.ActiveCfg = Release|x64
		{DB4FFADB-B1D0-4D52-8CD5-C9AE479CA565}.Release|Win32.ActiveCfg = Release|Win32
		{DB4FFADB-B1D0-4D52-8CD5-C9AE479CA565}.Release|Win32.Build.0 = Release|Win32
		{DB4FFADB-B1D0-4D52-8CD5-C9AE479CA565}.Release|x64.ActiveCfg = Release|x64
		{835A9C1D-BDEE-44A2-97DB-EF9C4AE59F45}.Debug WinXP|Win32.ActiveCfg = Debug|Win32
		{835A9C1D-BDEE-44A2-97DB-EF9C4AE59F45}.Debug WinXP|Win32.Build.0 = Debug|Win32
		{835A9C1D-BDEE-44A2-97DB-EF9C4AE59F45}.Debug WinXP|x64.ActiveCfg = Debug|Win32
		{835A9C1D-BDEE-44A2-97DB-EF9C4AE59F45}.Debug XP|Win32.ActiveCfg = Debug|Win32
		{835A9C1D-BDEE-44A2-97DB-EF9C4AE59F45}.Debug XP|Win32.Build.0 = Debug|Win32
		{835A9C1D-BDEE-44A2-97DB-EF9C4AE59F45}.Debug XP|x64.ActiveCfg = Debug|Win32
		{835A9C1D-BDEE-44A2-97DB-EF9C4AE59F45}.Debug|Win32.ActiveCfg = Debug|Win32
		{835A9C1D-BDEE-44A2-97DB-EF9C4AE59F45}.Debug|Win32.Build.0 = Debug|Win32
		{835A9C1D-BDEE-44A2-97DB-EF9C4AE59F45}.Debug|x64.ActiveCfg = Debug|x64
		{835A9C1D-BDEE-44A2-97DB-EF9C4AE59F45}.Release|Win32.ActiveCfg = Release|Win32
		{835A9C1D-BDEE-44A2-97DB-EF9C4AE59F45}.Release|Win32.Build.0 = Release|Win32
		{835A9C1D-BDEE-44A2-97DB-EF9C4AE59F45}.Release|x64.ActiveCfg = Release|x64
		{81EE2F6D-6A48-423B-8BBB-B97DB74EDD0F}.Debug WinXP|Win32.ActiveCfg = Debug|Win32
		{81EE2F6D-6A48-423B-8BBB-B97DB74EDD0F}.Debug WinXP|Win32.Build.0 = Debug|Win32
		{81EE2F6D-6A48-423B-8BBB-B97DB74EDD0F}.Debug WinXP|x64.ActiveCfg = Debug|Win32
		{81EE2F6D-6A48-423B-8BBB-B97DB74EDD0F}.Debug XP|Win32.ActiveCfg = Debug|Win32
		{81EE2F6D-6A48-423B-8BBB-B97DB74EDD0F}.Debug XP|Win32.Build.0 = Debug|Win32
		{81EE2F6D-6A48-423B-8BBB-B97DB74EDD0F}.Debug XP|x64.ActiveCfg = Debug|Win32
		{81EE2F6D-6A48-423B-8BBB-B97DB74EDD0F}.Debug|Win32.ActiveCfg = Debug|Win32
		{81EE2F6D-6A48-423B-8BBB-B97DB74EDD0F}.Debug|Win32.Build.0 = Debug|Win32
		{81EE2F6D-6A48-423B-8BBB-B97DB74EDD0F}.Debug|x64.ActiveCfg = Debug|Win32
		{81EE2F6D-6A48-423B-8BBB-B97DB74EDD0F}.Release|Win32.ActiveCfg = Release|Win32
		{81EE2F6D-6A48-423B-8BBB-B97DB74EDD0F}.Release|Win32.Build.0 = Release|Win32
		{81EE2F6D-6A48-423B-8BBB-B97DB74EDD0F}.Release|x64.ActiveCfg = Release|Win32
	EndGlobalSection
	GlobalSection(SolutionProperties) = preSolution
		HideSolutionNode = FALSE
	EndGlobalSection
EndGlobal
