<?xml version="1.0" encoding="utf-8"?>
<Project ToolsVersion="4.0" xmlns="http://schemas.microsoft.com/developer/msbuild/2003">
  <ItemGroup>
    <Filter Include="Source Files">
      <UniqueIdentifier>{4FC737F1-C7A5-4376-A066-2A32D752A2FF}</UniqueIdentifier>
      <Extensions>cpp;c;cc;cxx;def;odl;idl;hpj;bat;asm;asmx</Extensions>
    </Filter>
    <Filter Include="Header Files">
      <UniqueIdentifier>{93995380-89BD-4b04-88EB-625FBE52EBFB}</UniqueIdentifier>
      <Extensions>h;hpp;hxx;hm;inl;inc;xsd</Extensions>
    </Filter>
    <Filter Include="Resource Files">
      <UniqueIdentifier>{67DA6AB6-F800-4c08-8B7A-83BB121AAD01}</UniqueIdentifier>
      <Extensions>rc;ico;cur;bmp;dlg;rc2;rct;bin;rgs;gif;jpg;jpeg;jpe;resx;tiff;tif;png;wav</Extensions>
    </Filter>
    <Filter Include="Interface">
      <UniqueIdentifier>{dbe5d795-4050-4d15-823d-60fdb163a210}</UniqueIdentifier>
    </Filter>
    <Filter Include="fastcgi">
      <UniqueIdentifier>{ee9dafbd-6268-4f17-b4fc-c50aa8ad1f78}</UniqueIdentifier>
    </Filter>
    <Filter Include="win_service">
      <UniqueIdentifier>{b763e0d2-04f4-461a-92d0-01ae72cb1aaf}</UniqueIdentifier>
    </Filter>
    <Filter Include="sqlite">
      <UniqueIdentifier>{7a557854-2437-489d-b88e-d49cd2e7bbda}</UniqueIdentifier>
    </Filter>
  </ItemGroup>
  <ItemGroup>
    <ClCompile Include="AcceptThread.cpp">
      <Filter>Source Files</Filter>
    </ClCompile>
    <ClCompile Include="Client.cpp">
      <Filter>Source Files</Filter>
    </ClCompile>
    <ClCompile Include="Condition_boost.cpp">
      <Filter>Source Files</Filter>
    </ClCompile>
    <ClCompile Include="Database.cpp">
      <Filter>Source Files</Filter>
    </ClCompile>
    <ClCompile Include="DBSettingsReader.cpp">
      <Filter>Source Files</Filter>
    </ClCompile>
    <ClCompile Include="file_common.cpp">
      <Filter>Source Files</Filter>
    </ClCompile>
    <ClCompile Include="file_fstream.cpp">
      <Filter>Source Files</Filter>
    </ClCompile>
    <ClCompile Include="file_linux.cpp">
      <Filter>Source Files</Filter>
    </ClCompile>
    <ClCompile Include="file_memory.cpp">
      <Filter>Source Files</Filter>
    </ClCompile>
    <ClCompile Include="file_win.cpp">
      <Filter>Source Files</Filter>
    </ClCompile>
    <ClCompile Include="FileSettingsReader.cpp">
      <Filter>Source Files</Filter>
    </ClCompile>
    <ClCompile Include="LoadbalancerClient.cpp">
      <Filter>Source Files</Filter>
    </ClCompile>
    <ClCompile Include="LookupService.cpp">
      <Filter>Source Files</Filter>
    </ClCompile>
    <ClCompile Include="main.cpp">
      <Filter>Source Files</Filter>
    </ClCompile>
    <ClCompile Include="maintest.cpp">
      <Filter>Source Files</Filter>
    </ClCompile>
    <ClCompile Include="md5.cpp">
      <Filter>Source Files</Filter>
    </ClCompile>
    <ClCompile Include="MemoryPipe.cpp">
      <Filter>Source Files</Filter>
    </ClCompile>
    <ClCompile Include="MemorySettingsReader.cpp">
      <Filter>Source Files</Filter>
    </ClCompile>
    <ClCompile Include="Mutex_boost.cpp">
      <Filter>Source Files</Filter>
    </ClCompile>
    <ClCompile Include="OutputStream.cpp">
      <Filter>Source Files</Filter>
    </ClCompile>
    <ClCompile Include="Query.cpp">
      <Filter>Source Files</Filter>
    </ClCompile>
    <ClCompile Include="SelectThread.cpp">
      <Filter>Source Files</Filter>
    </ClCompile>
    <ClCompile Include="Server.cpp">
      <Filter>Source Files</Filter>
    </ClCompile>
    <ClCompile Include="ServerWin32.cpp">
      <Filter>Source Files</Filter>
    </ClCompile>
    <ClCompile Include="ServiceAcceptor.cpp">
      <Filter>Source Files</Filter>
    </ClCompile>
    <ClCompile Include="ServiceWorker.cpp">
      <Filter>Source Files</Filter>
    </ClCompile>
    <ClCompile Include="SessionMgr.cpp">
      <Filter>Source Files</Filter>
    </ClCompile>
    <ClCompile Include="SettingsReader.cpp">
      <Filter>Source Files</Filter>
    </ClCompile>
    <ClCompile Include="StreamPipe.cpp">
      <Filter>Source Files</Filter>
    </ClCompile>
    <ClCompile Include="stringtools.cpp">
      <Filter>Source Files</Filter>
    </ClCompile>
    <ClCompile Include="Table.cpp">
      <Filter>Source Files</Filter>
    </ClCompile>
    <ClCompile Include="Template.cpp">
      <Filter>Source Files</Filter>
    </ClCompile>
    <ClCompile Include="ThreadPool.cpp">
      <Filter>Source Files</Filter>
    </ClCompile>
    <ClCompile Include="WorkerThread.cpp">
      <Filter>Source Files</Filter>
    </ClCompile>
    <ClCompile Include="libfastcgi\fastcgi.cpp">
      <Filter>fastcgi</Filter>
    </ClCompile>
    <ClCompile Include="win_service\nt_service.cpp">
      <Filter>win_service</Filter>
    </ClCompile>
    <ClCompile Include="sqlite\sqlite3.c">
      <Filter>sqlite</Filter>
    </ClCompile>
  </ItemGroup>
  <ItemGroup>
    <ClInclude Include="AcceptThread.h">
      <Filter>Header Files</Filter>
    </ClInclude>
    <ClInclude Include="Client.h">
      <Filter>Header Files</Filter>
    </ClInclude>
    <ClInclude Include="Condition_boost.h">
      <Filter>Header Files</Filter>
    </ClInclude>
    <ClInclude Include="Database.h">
      <Filter>Header Files</Filter>
    </ClInclude>
    <ClInclude Include="DBSettingsReader.h">
      <Filter>Header Files</Filter>
    </ClInclude>
    <ClInclude Include="defaults.h">
      <Filter>Header Files</Filter>
    </ClInclude>
    <ClInclude Include="file.h">
      <Filter>Header Files</Filter>
    </ClInclude>
    <ClInclude Include="file_memory.h">
      <Filter>Header Files</Filter>
    </ClInclude>
    <ClInclude Include="FileSettingsReader.h">
      <Filter>Header Files</Filter>
    </ClInclude>
    <ClInclude Include="libs.h">
      <Filter>Header Files</Filter>
    </ClInclude>
    <ClInclude Include="LoadbalancerClient.h">
      <Filter>Header Files</Filter>
    </ClInclude>
    <ClInclude Include="LookupService.h">
      <Filter>Header Files</Filter>
    </ClInclude>
    <ClInclude Include="md5.h">
      <Filter>Header Files</Filter>
    </ClInclude>
    <ClInclude Include="MemoryPipe.h">
      <Filter>Header Files</Filter>
    </ClInclude>
    <ClInclude Include="MemorySettingsReader.h">
      <Filter>Header Files</Filter>
    </ClInclude>
    <ClInclude Include="Mutex_boost.h">
      <Filter>Header Files</Filter>
    </ClInclude>
    <ClInclude Include="OutputStream.h">
      <Filter>Header Files</Filter>
    </ClInclude>
    <ClInclude Include="Query.h">
      <Filter>Header Files</Filter>
    </ClInclude>
    <ClInclude Include="SelectThread.h">
      <Filter>Header Files</Filter>
    </ClInclude>
    <ClInclude Include="Server.h">
      <Filter>Header Files</Filter>
    </ClInclude>
    <ClInclude Include="ServiceAcceptor.h">
      <Filter>Header Files</Filter>
    </ClInclude>
    <ClInclude Include="ServiceWorker.h">
      <Filter>Header Files</Filter>
    </ClInclude>
    <ClInclude Include="SessionMgr.h">
      <Filter>Header Files</Filter>
    </ClInclude>
    <ClInclude Include="SettingsReader.h">
      <Filter>Header Files</Filter>
    </ClInclude>
    <ClInclude Include="socket_header.h">
      <Filter>Header Files</Filter>
    </ClInclude>
    <ClInclude Include="StreamPipe.h">
      <Filter>Header Files</Filter>
    </ClInclude>
    <ClInclude Include="stringtools.h">
      <Filter>Header Files</Filter>
    </ClInclude>
    <ClInclude Include="Table.h">
      <Filter>Header Files</Filter>
    </ClInclude>
    <ClInclude Include="Template.h">
      <Filter>Header Files</Filter>
    </ClInclude>
    <ClInclude Include="ThreadPool.h">
      <Filter>Header Files</Filter>
    </ClInclude>
    <ClInclude Include="types.h">
      <Filter>Header Files</Filter>
    </ClInclude>
    <ClInclude Include="vld.h">
      <Filter>Header Files</Filter>
    </ClInclude>
    <ClInclude Include="WorkerThread.h">
      <Filter>Header Files</Filter>
    </ClInclude>
    <ClInclude Include="Interface\Action.h">
      <Filter>Interface</Filter>
    </ClInclude>
    <ClInclude Include="Interface\Condition.h">
      <Filter>Interface</Filter>
    </ClInclude>
    <ClInclude Include="Interface\CustomClient.h">
      <Filter>Interface</Filter>
    </ClInclude>
    <ClInclude Include="Interface\Database.h">
      <Filter>Interface</Filter>
    </ClInclude>
    <ClInclude Include="Interface\File.h">
      <Filter>Interface</Filter>
    </ClInclude>
    <ClInclude Include="Interface\Mutex.h">
      <Filter>Interface</Filter>
    </ClInclude>
    <ClInclude Include="Interface\Object.h">
      <Filter>Interface</Filter>
    </ClInclude>
    <ClInclude Include="Interface\OutputStream.h">
      <Filter>Interface</Filter>
    </ClInclude>
    <ClInclude Include="Interface\Pipe.h">
      <Filter>Interface</Filter>
    </ClInclude>
    <ClInclude Include="Interface\Plugin.h">
      <Filter>Interface</Filter>
    </ClInclude>
    <ClInclude Include="Interface\PluginMgr.h">
      <Filter>Interface</Filter>
    </ClInclude>
    <ClInclude Include="Interface\Query.h">
      <Filter>Interface</Filter>
    </ClInclude>
    <ClInclude Include="Interface\Server.h">
      <Filter>Interface</Filter>
    </ClInclude>
    <ClInclude Include="Interface\Service.h">
      <Filter>Interface</Filter>
    </ClInclude>
    <ClInclude Include="Interface\SessionMgr.h">
      <Filter>Interface</Filter>
    </ClInclude>
    <ClInclude Include="Interface\SettingsReader.h">
      <Filter>Interface</Filter>
    </ClInclude>
    <ClInclude Include="Interface\Table.h">
      <Filter>Interface</Filter>
    </ClInclude>
    <ClInclude Include="Interface\Template.h">
      <Filter>Interface</Filter>
    </ClInclude>
    <ClInclude Include="Interface\Thread.h">
      <Filter>Interface</Filter>
    </ClInclude>
    <ClInclude Include="Interface\ThreadPool.h">
      <Filter>Interface</Filter>
    </ClInclude>
    <ClInclude Include="Interface\Types.h">
      <Filter>Interface</Filter>
    </ClInclude>
    <ClInclude Include="Interface\User.h">
      <Filter>Interface</Filter>
    </ClInclude>
    <ClInclude Include="libfastcgi\fastcgi.hpp">
      <Filter>fastcgi</Filter>
    </ClInclude>
    <ClInclude Include="win_service\nt_service.h">
      <Filter>win_service</Filter>
    </ClInclude>
    <ClInclude Include="win_service\nt_service_impl.h">
      <Filter>win_service</Filter>
    </ClInclude>
    <ClInclude Include="sqlite\sqlite3.h">
      <Filter>sqlite</Filter>
    </ClInclude>
  </ItemGroup>
</Project>