<?xml version="1.0" encoding="utf-8"?>
<Project ToolsVersion="4.0" xmlns="http://schemas.microsoft.com/developer/msbuild/2003">
  <ItemGroup>
    <Filter Include="Headerdateien">
      <UniqueIdentifier>{93995380-89BD-4b04-88EB-625FBE52EBFB}</UniqueIdentifier>
      <Extensions>h;hpp;hxx;hm;inl;inc;xsd</Extensions>
    </Filter>
    <Filter Include="fileclient">
      <UniqueIdentifier>{f70d5b3e-4aa3-4fea-9439-c17050638704}</UniqueIdentifier>
    </Filter>
    <Filter Include="Quelldateien">
      <UniqueIdentifier>{4FC737F1-C7A5-4376-A066-2A32D752A2FF}</UniqueIdentifier>
      <Extensions>cpp;c;cc;cxx;def;odl;idl;hpj;bat;asm;asmx</Extensions>
    </Filter>
    <Filter Include="treediff">
      <UniqueIdentifier>{1e3a9954-74c9-4bbf-b99c-4f78b6bd555f}</UniqueIdentifier>
    </Filter>
    <Filter Include="serverinterface">
      <UniqueIdentifier>{3ff5bf0a-dd61-4c91-880e-180063d4f39c}</UniqueIdentifier>
    </Filter>
    <Filter Include="sha2">
      <UniqueIdentifier>{94c028c2-e88e-4a63-ab20-e68be5608bbb}</UniqueIdentifier>
    </Filter>
    <Filter Include="sha2">
      <UniqueIdentifier>{70354eae-bf63-425c-ae8a-b5ac6085389f}</UniqueIdentifier>
    </Filter>
    <Filter Include="apps">
      <UniqueIdentifier>{d00660ff-cb0c-4ce2-bd39-00a7f46d3b65}</UniqueIdentifier>
    </Filter>
    <Filter Include="dao">
      <UniqueIdentifier>{d80d7c4b-6a29-4bb9-9ba5-4c0edc38058b}</UniqueIdentifier>
    </Filter>
    <Filter Include="lmdb">
      <UniqueIdentifier>{85f47f3b-2e45-4b5c-96c7-cb2511e6ba0b}</UniqueIdentifier>
    </Filter>
    <Filter Include="Ressourcendateien">
      <UniqueIdentifier>{67DA6AB6-F800-4c08-8B7A-83BB121AAD01}</UniqueIdentifier>
      <Extensions>rc;ico;cur;bmp;dlg;rc2;rct;bin;rgs;gif;jpg;jpeg;jpe;resx;tiff;tif;png;wav</Extensions>
    </Filter>
    <Filter Include="filesindex">
      <UniqueIdentifier>{3ec8a037-dfb3-443f-aa14-dd5a1f016e35}</UniqueIdentifier>
    </Filter>
    <Filter Include="miniz">
      <UniqueIdentifier>{c5f185c0-de01-43f8-9a80-28684380f19c}</UniqueIdentifier>
    </Filter>
  </ItemGroup>
  <ItemGroup>
    <ClCompile Include="dllmain.cpp">
      <Filter>Quelldateien</Filter>
    </ClCompile>
    <ClCompile Include="server.cpp">
      <Filter>Quelldateien</Filter>
    </ClCompile>
    <ClCompile Include="server_channel.cpp">
      <Filter>Quelldateien</Filter>
    </ClCompile>
    <ClCompile Include="server_cleanup.cpp">
      <Filter>Quelldateien</Filter>
    </ClCompile>
    <ClCompile Include="server_hash.cpp">
      <Filter>Quelldateien</Filter>
    </ClCompile>
    <ClCompile Include="server_log.cpp">
      <Filter>Quelldateien</Filter>
    </ClCompile>
    <ClCompile Include="server_ping.cpp">
      <Filter>Quelldateien</Filter>
    </ClCompile>
    <ClCompile Include="server_prepare_hash.cpp">
      <Filter>Quelldateien</Filter>
    </ClCompile>
    <ClCompile Include="server_running.cpp">
      <Filter>Quelldateien</Filter>
    </ClCompile>
    <ClCompile Include="server_settings.cpp">
      <Filter>Quelldateien</Filter>
    </ClCompile>
    <ClCompile Include="server_status.cpp">
      <Filter>Quelldateien</Filter>
    </ClCompile>
    <ClCompile Include="server_update_stats.cpp">
      <Filter>Quelldateien</Filter>
    </ClCompile>
    <ClCompile Include="server_writer.cpp">
      <Filter>Quelldateien</Filter>
    </ClCompile>
    <ClCompile Include="..\stringtools.cpp">
      <Filter>Quelldateien</Filter>
    </ClCompile>
    <ClCompile Include="server_update.cpp">
      <Filter>Quelldateien</Filter>
    </ClCompile>
    <ClCompile Include="treediff\TreeNode.cpp">
      <Filter>treediff</Filter>
    </ClCompile>
    <ClCompile Include="treediff\TreeReader.cpp">
      <Filter>treediff</Filter>
    </ClCompile>
    <ClCompile Include="treediff\TreeDiff.cpp">
      <Filter>treediff</Filter>
    </ClCompile>
    <ClCompile Include="serverinterface\backups.cpp">
      <Filter>serverinterface</Filter>
    </ClCompile>
    <ClCompile Include="serverinterface\getimage.cpp">
      <Filter>serverinterface</Filter>
    </ClCompile>
    <ClCompile Include="serverinterface\helper.cpp">
      <Filter>serverinterface</Filter>
    </ClCompile>
    <ClCompile Include="serverinterface\lastacts.cpp">
      <Filter>serverinterface</Filter>
    </ClCompile>
    <ClCompile Include="serverinterface\login.cpp">
      <Filter>serverinterface</Filter>
    </ClCompile>
    <ClCompile Include="serverinterface\logs.cpp">
      <Filter>serverinterface</Filter>
    </ClCompile>
    <ClCompile Include="serverinterface\piegraph.cpp">
      <Filter>serverinterface</Filter>
    </ClCompile>
    <ClCompile Include="serverinterface\progress.cpp">
      <Filter>serverinterface</Filter>
    </ClCompile>
    <ClCompile Include="serverinterface\settings.cpp">
      <Filter>serverinterface</Filter>
    </ClCompile>
    <ClCompile Include="serverinterface\status.cpp">
      <Filter>serverinterface</Filter>
    </ClCompile>
    <ClCompile Include="serverinterface\usage.cpp">
      <Filter>serverinterface</Filter>
    </ClCompile>
    <ClCompile Include="serverinterface\usagegraph.cpp">
      <Filter>serverinterface</Filter>
    </ClCompile>
    <ClCompile Include="serverinterface\users.cpp">
      <Filter>serverinterface</Filter>
    </ClCompile>
    <ClCompile Include="..\urbackupcommon\fileclient\tcpstack.cpp">
      <Filter>fileclient</Filter>
    </ClCompile>
    <ClCompile Include="..\urbackupcommon\sha2\sha2.c">
      <Filter>sha2</Filter>
    </ClCompile>
    <ClCompile Include="serverinterface\salt.cpp">
      <Filter>serverinterface</Filter>
    </ClCompile>
    <ClCompile Include="..\urbackupcommon\settingslist.cpp">
      <Filter>Quelldateien</Filter>
    </ClCompile>
    <ClCompile Include="..\urbackupcommon\os_functions_win.cpp">
      <Filter>Quelldateien</Filter>
    </ClCompile>
    <ClCompile Include="..\urbackupcommon\escape.cpp">
      <Filter>Quelldateien</Filter>
    </ClCompile>
    <ClCompile Include="..\urbackupcommon\bufmgr.cpp">
      <Filter>Quelldateien</Filter>
    </ClCompile>
    <ClCompile Include="InternetServiceConnector.cpp">
      <Filter>Quelldateien</Filter>
    </ClCompile>
    <ClCompile Include="..\urbackupcommon\InternetServicePipe.cpp">
      <Filter>Quelldateien</Filter>
    </ClCompile>
    <ClCompile Include="..\md5.cpp">
      <Filter>Quelldateien</Filter>
    </ClCompile>
    <ClCompile Include="ChunkPatcher.cpp">
      <Filter>Quelldateien</Filter>
    </ClCompile>
    <ClCompile Include="..\urbackupcommon\CompressedPipe.cpp">
      <Filter>Quelldateien</Filter>
    </ClCompile>
    <ClCompile Include="server_archive.cpp">
      <Filter>Quelldateien</Filter>
    </ClCompile>
    <ClCompile Include="filedownload.cpp">
      <Filter>Quelldateien</Filter>
    </ClCompile>
    <ClCompile Include="..\common\data.cpp">
      <Filter>fileclient</Filter>
    </ClCompile>
    <ClCompile Include="serverinterface\shutdown.cpp">
      <Filter>serverinterface</Filter>
    </ClCompile>
    <ClCompile Include="snapshot_helper.cpp">
      <Filter>Quelldateien</Filter>
    </ClCompile>
    <ClCompile Include="verify_hashes.cpp">
      <Filter>Quelldateien</Filter>
    </ClCompile>
    <ClCompile Include="apps\cleanup_cmd.cpp">
      <Filter>apps</Filter>
    </ClCompile>
    <ClCompile Include="dao\ServerCleanupDAO.cpp">
      <Filter>dao</Filter>
    </ClCompile>
    <ClCompile Include="lmdb\mdb.c">
      <Filter>lmdb</Filter>
    </ClCompile>
    <ClCompile Include="lmdb\midl.c">
      <Filter>lmdb</Filter>
    </ClCompile>
    <ClCompile Include="serverinterface\download_client.cpp">
      <Filter>serverinterface</Filter>
    </ClCompile>
    <ClCompile Include="apps\repair_cmd.cpp">
      <Filter>apps</Filter>
    </ClCompile>
    <ClCompile Include="serverinterface\livelog.cpp">
      <Filter>serverinterface</Filter>
    </ClCompile>
    <ClCompile Include="..\urbackupcommon\json.cpp">
      <Filter>serverinterface</Filter>
    </ClCompile>
    <ClCompile Include="serverinterface\start_backup.cpp">
      <Filter>serverinterface</Filter>
    </ClCompile>
    <ClCompile Include="serverinterface\create_zip.cpp">
      <Filter>serverinterface</Filter>
    </ClCompile>
    <ClCompile Include="server_dir_links.cpp">
      <Filter>Quelldateien</Filter>
    </ClCompile>
    <ClCompile Include="dao\ServerBackupDao.cpp">
      <Filter>dao</Filter>
    </ClCompile>
    <ClCompile Include="apps\export_auth_log.cpp">
      <Filter>apps</Filter>
    </ClCompile>
    <ClCompile Include="..\common\adler32.cpp">
      <Filter>fileclient</Filter>
    </ClCompile>
    <ClCompile Include="create_files_index.cpp">
      <Filter>filesindex</Filter>
    </ClCompile>
    <ClCompile Include="LMDBFileIndex.cpp">
      <Filter>filesindex</Filter>
    </ClCompile>
    <ClCompile Include="server_continuous.cpp">
      <Filter>Quelldateien</Filter>
    </ClCompile>
    <ClCompile Include="FileIndex.cpp">
      <Filter>filesindex</Filter>
    </ClCompile>
    <ClCompile Include="apps\check_files_index.cpp">
      <Filter>apps</Filter>
    </ClCompile>
    <ClCompile Include="FullFileBackup.cpp">
      <Filter>Quelldateien</Filter>
    </ClCompile>
    <ClCompile Include="FileBackup.cpp">
      <Filter>Quelldateien</Filter>
    </ClCompile>
    <ClCompile Include="IncrFileBackup.cpp">
      <Filter>Quelldateien</Filter>
    </ClCompile>
    <ClCompile Include="Backup.cpp">
      <Filter>Quelldateien</Filter>
    </ClCompile>
    <ClCompile Include="ImageBackup.cpp">
      <Filter>Quelldateien</Filter>
    </ClCompile>
    <ClCompile Include="ContinuousBackup.cpp">
      <Filter>Quelldateien</Filter>
    </ClCompile>
    <ClCompile Include="ServerDownloadThread.cpp">
      <Filter>Quelldateien</Filter>
    </ClCompile>
    <ClCompile Include="ClientMain.cpp">
      <Filter>Quelldateien</Filter>
    </ClCompile>
    <ClCompile Include="ThrottleUpdater.cpp">
      <Filter>Quelldateien</Filter>
    </ClCompile>
    <ClCompile Include="..\urbackupcommon\glob.cpp">
      <Filter>Quelldateien</Filter>
    </ClCompile>
    <ClCompile Include="FileMetadataDownloadThread.cpp">
      <Filter>Quelldateien</Filter>
    </ClCompile>
    <ClCompile Include="..\urbackupcommon\fileclient\FileClient.cpp">
      <Filter>fileclient</Filter>
    </ClCompile>
    <ClCompile Include="..\urbackupcommon\fileclient\FileClientChunked.cpp">
      <Filter>fileclient</Filter>
    </ClCompile>
    <ClCompile Include="..\urbackupcommon\filelist_utils.cpp">
      <Filter>Quelldateien</Filter>
    </ClCompile>
    <ClCompile Include="..\urbackupcommon\file_metadata.cpp">
      <Filter>Quelldateien</Filter>
    </ClCompile>
    <ClCompile Include="..\urbackupcommon\chunk_hasher.cpp">
      <Filter>Quelldateien</Filter>
    </ClCompile>
    <ClCompile Include="..\urbackupcommon\InternetServicePipe2.cpp">
      <Filter>Quelldateien</Filter>
    </ClCompile>
    <ClCompile Include="..\urbackupcommon\CompressedPipe2.cpp">
      <Filter>Quelldateien</Filter>
    </ClCompile>
    <ClCompile Include="restore_client.cpp">
      <Filter>Quelldateien</Filter>
    </ClCompile>
    <ClCompile Include="apps\skiphash_copy.cpp">
      <Filter>apps</Filter>
    </ClCompile>
    <ClCompile Include="cmdline_preprocessor.cpp">
      <Filter>Quelldateien</Filter>
    </ClCompile>
    <ClCompile Include="..\urbackupcommon\SparseFile.cpp">
      <Filter>Quelldateien</Filter>
    </ClCompile>
    <ClCompile Include="..\urbackupcommon\ExtentIterator.cpp">
      <Filter>Quelldateien</Filter>
    </ClCompile>
    <ClCompile Include="serverinterface\add_client.cpp">
      <Filter>serverinterface</Filter>
    </ClCompile>
    <ClCompile Include="dao\ServerFilesDao.cpp">
      <Filter>dao</Filter>
    </ClCompile>
    <ClCompile Include="dao\ServerLinkDao.cpp">
      <Filter>dao</Filter>
    </ClCompile>
    <ClCompile Include="dao\ServerLinkJournalDao.cpp">
      <Filter>dao</Filter>
    </ClCompile>
    <ClCompile Include="..\urbackupcommon\TreeHash.cpp">
      <Filter>Quelldateien</Filter>
    </ClCompile>
    <ClCompile Include="apps\md5sum_check.cpp">
      <Filter>apps</Filter>
    </ClCompile>
    <ClCompile Include="serverinterface\restore_prepare_wait.cpp">
      <Filter>serverinterface</Filter>
    </ClCompile>
    <ClCompile Include="copy_storage.cpp">
      <Filter>Quelldateien</Filter>
    </ClCompile>
    <ClCompile Include="..\urbackupcommon\WalCheckpointThread.cpp">
      <Filter>Quelldateien</Filter>
    </ClCompile>
    <ClCompile Include="..\common\miniz.c">
      <Filter>miniz</Filter>
    </ClCompile>
    <ClCompile Include="ImageMount.cpp">
      <Filter>Quelldateien</Filter>
    </ClCompile>
    <ClCompile Include="DataplanDb.cpp">
      <Filter>Quelldateien</Filter>
    </ClCompile>
    <ClCompile Include="apps\patch.cpp">
      <Filter>apps</Filter>
    </ClCompile>
    <ClCompile Include="PhashLoad.cpp">
      <Filter>Quelldateien</Filter>
    </ClCompile>
    <ClCompile Include="Mailer.cpp">
      <Filter>Quelldateien</Filter>
    </ClCompile>
    <ClCompile Include="Alerts.cpp">
      <Filter>Quelldateien</Filter>
    </ClCompile>
    <ClCompile Include="serverinterface\scripts.cpp">
      <Filter>serverinterface</Filter>
    </ClCompile>
    <ClCompile Include="LogReport.cpp">
      <Filter>Quelldateien</Filter>
    </ClCompile>
  </ItemGroup>
  <ItemGroup>
    <ClInclude Include="action_header.h">
      <Filter>Headerdateien</Filter>
    </ClInclude>
    <ClInclude Include="actions.h">
      <Filter>Headerdateien</Filter>
    </ClInclude>
    <ClInclude Include="database.h">
      <Filter>Headerdateien</Filter>
    </ClInclude>
    <ClInclude Include="server.h">
      <Filter>Headerdateien</Filter>
    </ClInclude>
    <ClInclude Include="server_channel.h">
      <Filter>Headerdateien</Filter>
    </ClInclude>
    <ClInclude Include="server_cleanup.h">
      <Filter>Headerdateien</Filter>
    </ClInclude>
    <ClInclude Include="server_hash.h">
      <Filter>Headerdateien</Filter>
    </ClInclude>
    <ClInclude Include="server_image.h">
      <Filter>Headerdateien</Filter>
    </ClInclude>
    <ClInclude Include="server_log.h">
      <Filter>Headerdateien</Filter>
    </ClInclude>
    <ClInclude Include="server_ping.h">
      <Filter>Headerdateien</Filter>
    </ClInclude>
    <ClInclude Include="server_prepare_hash.h">
      <Filter>Headerdateien</Filter>
    </ClInclude>
    <ClInclude Include="server_running.h">
      <Filter>Headerdateien</Filter>
    </ClInclude>
    <ClInclude Include="server_settings.h">
      <Filter>Headerdateien</Filter>
    </ClInclude>
    <ClInclude Include="server_update_stats.h">
      <Filter>Headerdateien</Filter>
    </ClInclude>
    <ClInclude Include="server_writer.h">
      <Filter>Headerdateien</Filter>
    </ClInclude>
    <ClInclude Include="..\stringtools.h">
      <Filter>Headerdateien</Filter>
    </ClInclude>
    <ClInclude Include="server_update.h">
      <Filter>Headerdateien</Filter>
    </ClInclude>
    <ClInclude Include="server_status.h">
      <Filter>Headerdateien</Filter>
    </ClInclude>
    <ClInclude Include="treediff\TreeNode.h">
      <Filter>treediff</Filter>
    </ClInclude>
    <ClInclude Include="treediff\TreeReader.h">
      <Filter>treediff</Filter>
    </ClInclude>
    <ClInclude Include="treediff\TreeDiff.h">
      <Filter>treediff</Filter>
    </ClInclude>
    <ClInclude Include="serverinterface\actions.h">
      <Filter>serverinterface</Filter>
    </ClInclude>
    <ClInclude Include="serverinterface\action_header.h">
      <Filter>serverinterface</Filter>
    </ClInclude>
    <ClInclude Include="serverinterface\helper.h">
      <Filter>serverinterface</Filter>
    </ClInclude>
    <ClInclude Include="..\urbackupcommon\fileclient\tcpstack.h">
      <Filter>fileclient</Filter>
    </ClInclude>
    <ClInclude Include="..\urbackupcommon\sha2\sha2.h">
      <Filter>sha2</Filter>
    </ClInclude>
    <ClInclude Include="..\urbackupcommon\settingslist.h">
      <Filter>Headerdateien</Filter>
    </ClInclude>
    <ClInclude Include="..\urbackupcommon\os_functions.h">
      <Filter>Headerdateien</Filter>
    </ClInclude>
    <ClInclude Include="..\urbackupcommon\escape.h">
      <Filter>Headerdateien</Filter>
    </ClInclude>
    <ClInclude Include="..\urbackupcommon\bufmgr.h">
      <Filter>Headerdateien</Filter>
    </ClInclude>
    <ClInclude Include="..\urbackupcommon\capa_bits.h">
      <Filter>Headerdateien</Filter>
    </ClInclude>
    <ClInclude Include="..\urbackupcommon\settings.h">
      <Filter>Headerdateien</Filter>
    </ClInclude>
    <ClInclude Include="InternetServiceConnector.h">
      <Filter>Headerdateien</Filter>
    </ClInclude>
    <ClInclude Include="..\urbackupcommon\InternetServicePipe.h">
      <Filter>Headerdateien</Filter>
    </ClInclude>
    <ClInclude Include="..\urbackupcommon\InternetServiceIDs.h">
      <Filter>Headerdateien</Filter>
    </ClInclude>
    <ClInclude Include="..\md5.h">
      <Filter>Headerdateien</Filter>
    </ClInclude>
    <ClInclude Include="ChunkPatcher.h">
      <Filter>Headerdateien</Filter>
    </ClInclude>
    <ClInclude Include="..\urbackupcommon\internet_pipe_capabilities.h">
      <Filter>Headerdateien</Filter>
    </ClInclude>
    <ClInclude Include="..\urbackupcommon\CompressedPipe.h">
      <Filter>Headerdateien</Filter>
    </ClInclude>
    <ClInclude Include="server_archive.h">
      <Filter>Headerdateien</Filter>
    </ClInclude>
    <ClInclude Include="filedownload.h">
      <Filter>Headerdateien</Filter>
    </ClInclude>
    <ClInclude Include="..\common\data.h">
      <Filter>fileclient</Filter>
    </ClInclude>
    <ClInclude Include="snapshot_helper.h">
      <Filter>Headerdateien</Filter>
    </ClInclude>
    <ClInclude Include="apps\cleanup_cmd.h">
      <Filter>apps</Filter>
    </ClInclude>
    <ClInclude Include="dao\ServerCleanupDAO.h">
      <Filter>dao</Filter>
    </ClInclude>
    <ClInclude Include="lmdb\lmdb.h">
      <Filter>lmdb</Filter>
    </ClInclude>
    <ClInclude Include="lmdb\midl.h">
      <Filter>lmdb</Filter>
    </ClInclude>
    <ClInclude Include="create_files_cache.h">
      <Filter>Headerdateien</Filter>
    </ClInclude>
    <ClInclude Include="serverinterface\rights.h">
      <Filter>serverinterface</Filter>
    </ClInclude>
    <ClInclude Include="apps\repair_cmd.h">
      <Filter>apps</Filter>
    </ClInclude>
    <ClInclude Include="..\urbackupcommon\json.h">
      <Filter>serverinterface</Filter>
    </ClInclude>
    <ClInclude Include="server_dir_links.h">
      <Filter>Headerdateien</Filter>
    </ClInclude>
    <ClInclude Include="dao\ServerBackupDao.h">
      <Filter>dao</Filter>
    </ClInclude>
    <ClInclude Include="apps\app.h">
      <Filter>apps</Filter>
    </ClInclude>
    <ClInclude Include="serverinterface\login.h">
      <Filter>serverinterface</Filter>
    </ClInclude>
    <ClInclude Include="apps\export_auth_log.h">
      <Filter>apps</Filter>
    </ClInclude>
    <ClInclude Include="..\common\adler32.h">
      <Filter>fileclient</Filter>
    </ClInclude>
    <ClInclude Include="LMDBFileIndex.h">
      <Filter>filesindex</Filter>
    </ClInclude>
    <ClInclude Include="FileIndex.h">
      <Filter>filesindex</Filter>
    </ClInclude>
    <ClInclude Include="apps\check_files_index.h">
      <Filter>apps</Filter>
    </ClInclude>
    <ClInclude Include="serverinterface\backups.h">
      <Filter>serverinterface</Filter>
    </ClInclude>
    <ClInclude Include="server_continuous.h">
      <Filter>Headerdateien</Filter>
    </ClInclude>
    <ClInclude Include="FullFileBackup.h">
      <Filter>Headerdateien</Filter>
    </ClInclude>
    <ClInclude Include="FileBackup.h">
      <Filter>Headerdateien</Filter>
    </ClInclude>
    <ClInclude Include="IncrFileBackup.h">
      <Filter>Headerdateien</Filter>
    </ClInclude>
    <ClInclude Include="Backup.h">
      <Filter>Headerdateien</Filter>
    </ClInclude>
    <ClInclude Include="ImageBackup.h">
      <Filter>Headerdateien</Filter>
    </ClInclude>
    <ClInclude Include="ContinuousBackup.h">
      <Filter>Headerdateien</Filter>
    </ClInclude>
    <ClInclude Include="ServerDownloadThread.h">
      <Filter>Headerdateien</Filter>
    </ClInclude>
    <ClInclude Include="ClientMain.h">
      <Filter>Headerdateien</Filter>
    </ClInclude>
    <ClInclude Include="ThrottleUpdater.h">
      <Filter>Quelldateien</Filter>
    </ClInclude>
    <ClInclude Include="..\urbackupcommon\glob.h">
      <Filter>Headerdateien</Filter>
    </ClInclude>
    <ClInclude Include="..\urbackupcommon\fileclient\FileClient.h">
      <Filter>fileclient</Filter>
    </ClInclude>
    <ClInclude Include="..\urbackupcommon\fileclient\FileClientChunked.h">
      <Filter>fileclient</Filter>
    </ClInclude>
    <ClInclude Include="..\urbackupcommon\fileclient\packet_ids.h">
      <Filter>fileclient</Filter>
    </ClInclude>
    <ClInclude Include="..\urbackupcommon\fileclient\socket_header.h">
      <Filter>fileclient</Filter>
    </ClInclude>
    <ClInclude Include="..\urbackupcommon\filelist_utils.h">
      <Filter>Headerdateien</Filter>
    </ClInclude>
    <ClInclude Include="..\urbackupcommon\file_metadata.h">
      <Filter>Headerdateien</Filter>
    </ClInclude>
    <ClInclude Include="..\urbackupcommon\chunk_hasher.h">
      <Filter>Headerdateien</Filter>
    </ClInclude>
    <ClInclude Include="..\urbackupcommon\InternetServicePipe2.h">
      <Filter>Headerdateien</Filter>
    </ClInclude>
    <ClInclude Include="..\urbackupcommon\CompressedPipe2.h">
      <Filter>Headerdateien</Filter>
    </ClInclude>
    <ClInclude Include="apps\skiphash_copy.h">
      <Filter>apps</Filter>
    </ClInclude>
    <ClInclude Include="restore_client.h">
      <Filter>Headerdateien</Filter>
    </ClInclude>
    <ClInclude Include="FileMetadataDownloadThread.h">
      <Filter>Headerdateien</Filter>
    </ClInclude>
    <ClInclude Include="..\urbackupcommon\SparseFile.h">
      <Filter>Headerdateien</Filter>
    </ClInclude>
    <ClInclude Include="..\urbackupcommon\ExtentIterator.h">
      <Filter>Headerdateien</Filter>
    </ClInclude>
    <ClInclude Include="dao\ServerFilesDao.h">
      <Filter>dao</Filter>
    </ClInclude>
    <ClInclude Include="dao\ServerLinkDao.h">
      <Filter>dao</Filter>
    </ClInclude>
    <ClInclude Include="dao\ServerLinkJournalDao.h">
      <Filter>dao</Filter>
    </ClInclude>
    <ClInclude Include="..\urbackupcommon\TreeHash.h">
      <Filter>Headerdateien</Filter>
    </ClInclude>
    <ClInclude Include="copy_storage.h">
      <Filter>Headerdateien</Filter>
    </ClInclude>
    <ClInclude Include="..\urbackupcommon\WalCheckpointThread.h">
      <Filter>Headerdateien</Filter>
    </ClInclude>
    <ClInclude Include="..\common\miniz.h">
      <Filter>miniz</Filter>
    </ClInclude>
    <ClInclude Include="ImageMount.h">
      <Filter>Headerdateien</Filter>
    </ClInclude>
    <ClInclude Include="DataplanDb.h">
      <Filter>Headerdateien</Filter>
    </ClInclude>
    <ClInclude Include="apps\patch.h">
      <Filter>apps</Filter>
    </ClInclude>
    <ClInclude Include="PhashLoad.h">
      <Filter>Headerdateien</Filter>
    </ClInclude>
    <ClInclude Include="Mailer.h">
      <Filter>Headerdateien</Filter>
    </ClInclude>
    <ClInclude Include="Alerts.h">
      <Filter>Headerdateien</Filter>
    </ClInclude>
    <ClInclude Include="LogReport.h">
      <Filter>Headerdateien</Filter>
    </ClInclude>
  </ItemGroup>
</Project>